// !$*UTF8*$!
{
	archiveVersion = 1;
	classes = {
	};
	objectVersion = 46;
	objects = {

/* Begin PBXBuildFile section */
		A36A40903E82A39F691675B0 /* ofxCvHaarFinder.cpp in Sources */ = {isa = PBXBuildFile; fileRef = 4AB80FA13CE040CEF629E691 /* ofxCvHaarFinder.cpp */; };
		AF8575B03B4CA8D75F681BC1 /* ofxCvImage.cpp in Sources */ = {isa = PBXBuildFile; fileRef = 689E179692F0512CB56473A4 /* ofxCvImage.cpp */; };
		B7F413E29191868164D3BD46 /* ofxCvContourFinder.cpp in Sources */ = {isa = PBXBuildFile; fileRef = 95CDEA363D68B7154EDD62C4 /* ofxCvContourFinder.cpp */; };
		BC384003201E841F007BE359 /* JLFish.cpp in Sources */ = {isa = PBXBuildFile; fileRef = BC384001201E841F007BE359 /* JLFish.cpp */; };
		E4328149138ABC9F0047C5CB /* openFrameworksDebug.a in Frameworks */ = {isa = PBXBuildFile; fileRef = E4328148138ABC890047C5CB /* openFrameworksDebug.a */; };
		E4B69E200A3A1BDC003C02F2 /* main.cpp in Sources */ = {isa = PBXBuildFile; fileRef = E4B69E1D0A3A1BDC003C02F2 /* main.cpp */; };
		E4B69E210A3A1BDC003C02F2 /* ofApp.cpp in Sources */ = {isa = PBXBuildFile; fileRef = E4B69E1E0A3A1BDC003C02F2 /* ofApp.cpp */; };
		E876A4593EB91DE0F4D1F413 /* ofxCvGrayscaleImage.cpp in Sources */ = {isa = PBXBuildFile; fileRef = 51A2DDB3250F02DAC4B69927 /* ofxCvGrayscaleImage.cpp */; };
		E88A7A8ABE4967F47C3A7845 /* ofxCvFloatImage.cpp in Sources */ = {isa = PBXBuildFile; fileRef = C74B11E526DA0AF370BBAAF6 /* ofxCvFloatImage.cpp */; };
		FC5A248B7B5D4403118EC79E /* ofxCvShortImage.cpp in Sources */ = {isa = PBXBuildFile; fileRef = A88D658310E96CC78BBEC2FD /* ofxCvShortImage.cpp */; };
		FDF611E787B6C034F59D6A37 /* ofxCvColorImage.cpp in Sources */ = {isa = PBXBuildFile; fileRef = BD6A010FF2106E0214A8FECA /* ofxCvColorImage.cpp */; };
/* End PBXBuildFile section */

/* Begin PBXContainerItemProxy section */
		E4328147138ABC890047C5CB /* PBXContainerItemProxy */ = {
			isa = PBXContainerItemProxy;
			containerPortal = E4328143138ABC890047C5CB /* openFrameworksLib.xcodeproj */;
			proxyType = 2;
			remoteGlobalIDString = E4B27C1510CBEB8E00536013;
			remoteInfo = openFrameworks;
		};
		E4EEB9AB138B136A00A80321 /* PBXContainerItemProxy */ = {
			isa = PBXContainerItemProxy;
			containerPortal = E4328143138ABC890047C5CB /* openFrameworksLib.xcodeproj */;
			proxyType = 1;
			remoteGlobalIDString = E4B27C1410CBEB8E00536013;
			remoteInfo = openFrameworks;
		};
/* End PBXContainerItemProxy section */

/* Begin PBXCopyFilesBuildPhase section */
		E4C2427710CC5ABF004149E2 /* CopyFiles */ = {
			isa = PBXCopyFilesBuildPhase;
			buildActionMask = 2147483647;
			dstPath = "";
			dstSubfolderSpec = 10;
			files = (
			);
			runOnlyForDeploymentPostprocessing = 0;
		};
/* End PBXCopyFilesBuildPhase section */

/* Begin PBXFileReference section */
		016F4BDAFA8780864DCDC3E7 /* util_inl.hpp */ = {isa = PBXFileReference; explicitFileType = sourcecode.c.h; fileEncoding = 30; name = util_inl.hpp; path = ../../../../../../../../../Documents/of_v0.9.8_osx_release/addons/ofxOpenCv/libs/opencv/include/opencv2/stitching/detail/util_inl.hpp; sourceTree = SOURCE_ROOT; };
		018CF474BE79B48C28D50D98 /* version.hpp */ = {isa = PBXFileReference; explicitFileType = sourcecode.c.h; fileEncoding = 30; name = version.hpp; path = ../../../../../../../../../Documents/of_v0.9.8_osx_release/addons/ofxOpenCv/libs/opencv/include/opencv2/core/version.hpp; sourceTree = SOURCE_ROOT; };
		042052D6BADDB934AEA29270 /* limits.hpp */ = {isa = PBXFileReference; explicitFileType = sourcecode.c.h; fileEncoding = 30; name = limits.hpp; path = ../../../../../../../../../Documents/of_v0.9.8_osx_release/addons/ofxOpenCv/libs/opencv/include/opencv2/gpu/device/limits.hpp; sourceTree = SOURCE_ROOT; };
		0688C5E2905BACAFEA66D185 /* affine.hpp */ = {isa = PBXFileReference; explicitFileType = sourcecode.c.h; fileEncoding = 30; name = affine.hpp; path = ../../../../../../../../../Documents/of_v0.9.8_osx_release/addons/ofxOpenCv/libs/opencv/include/opencv2/core/affine.hpp; sourceTree = SOURCE_ROOT; };
		0ACC6476F6691F4F0D292755 /* opencv_modules.hpp */ = {isa = PBXFileReference; explicitFileType = sourcecode.c.h; fileEncoding = 30; name = opencv_modules.hpp; path = ../../../../../../../../../Documents/of_v0.9.8_osx_release/addons/ofxOpenCv/libs/opencv/include/opencv2/opencv_modules.hpp; sourceTree = SOURCE_ROOT; };
		0AEE2EF662F06A4B68957F8C /* linear_index.h */ = {isa = PBXFileReference; explicitFileType = sourcecode.c.h; fileEncoding = 30; name = linear_index.h; path = ../../../../../../../../../Documents/of_v0.9.8_osx_release/addons/ofxOpenCv/libs/opencv/include/opencv2/flann/linear_index.h; sourceTree = SOURCE_ROOT; };
		0CF3B3912784BF6A3DE32CEC /* ts.hpp */ = {isa = PBXFileReference; explicitFileType = sourcecode.c.h; fileEncoding = 30; name = ts.hpp; path = ../../../../../../../../../Documents/of_v0.9.8_osx_release/addons/ofxOpenCv/libs/opencv/include/opencv2/ts/ts.hpp; sourceTree = SOURCE_ROOT; };
		101A46BABEB40A6F41012ECC /* flann_base.hpp */ = {isa = PBXFileReference; explicitFileType = sourcecode.c.h; fileEncoding = 30; name = flann_base.hpp; path = ../../../../../../../../../Documents/of_v0.9.8_osx_release/addons/ofxOpenCv/libs/opencv/include/opencv2/flann/flann_base.hpp; sourceTree = SOURCE_ROOT; };
		11002704C4E297973DC60DD0 /* matrix.h */ = {isa = PBXFileReference; explicitFileType = sourcecode.c.h; fileEncoding = 30; name = matrix.h; path = ../../../../../../../../../Documents/of_v0.9.8_osx_release/addons/ofxOpenCv/libs/opencv/include/opencv2/flann/matrix.h; sourceTree = SOURCE_ROOT; };
		113EB1250A007B4638C79339 /* vec_distance.hpp */ = {isa = PBXFileReference; explicitFileType = sourcecode.c.h; fileEncoding = 30; name = vec_distance.hpp; path = ../../../../../../../../../Documents/of_v0.9.8_osx_release/addons/ofxOpenCv/libs/opencv/include/opencv2/gpu/device/vec_distance.hpp; sourceTree = SOURCE_ROOT; };
		137E2907C469655B80ED3E41 /* type_traits.hpp */ = {isa = PBXFileReference; explicitFileType = sourcecode.c.h; fileEncoding = 30; name = type_traits.hpp; path = ../../../../../../../../../Documents/of_v0.9.8_osx_release/addons/ofxOpenCv/libs/opencv/include/opencv2/gpu/device/type_traits.hpp; sourceTree = SOURCE_ROOT; };
		153C2B69626F845041D74FE6 /* static_check.hpp */ = {isa = PBXFileReference; explicitFileType = sourcecode.c.h; fileEncoding = 30; name = static_check.hpp; path = ../../../../../../../../../Documents/of_v0.9.8_osx_release/addons/ofxOpenCv/libs/opencv/include/opencv2/gpu/device/static_check.hpp; sourceTree = SOURCE_ROOT; };
		15DFB2806141839960047821 /* cxcore.h */ = {isa = PBXFileReference; explicitFileType = sourcecode.c.h; fileEncoding = 30; name = cxcore.h; path = ../../../../../../../../../Documents/of_v0.9.8_osx_release/addons/ofxOpenCv/libs/opencv/include/opencv/cxcore.h; sourceTree = SOURCE_ROOT; };
		16A68B6A4507A7B73B3433C4 /* ts_perf.hpp */ = {isa = PBXFileReference; explicitFileType = sourcecode.c.h; fileEncoding = 30; name = ts_perf.hpp; path = ../../../../../../../../../Documents/of_v0.9.8_osx_release/addons/ofxOpenCv/libs/opencv/include/opencv2/ts/ts_perf.hpp; sourceTree = SOURCE_ROOT; };
		1785D4C7B66A21AACD01643C /* deblurring.hpp */ = {isa = PBXFileReference; explicitFileType = sourcecode.c.h; fileEncoding = 30; name = deblurring.hpp; path = ../../../../../../../../../Documents/of_v0.9.8_osx_release/addons/ofxOpenCv/libs/opencv/include/opencv2/videostab/deblurring.hpp; sourceTree = SOURCE_ROOT; };
		1D65864965F771881737B562 /* opencv.hpp */ = {isa = PBXFileReference; explicitFileType = sourcecode.c.h; fileEncoding = 30; name = opencv.hpp; path = ../../../../../../../../../Documents/of_v0.9.8_osx_release/addons/ofxOpenCv/libs/opencv/include/opencv2/opencv.hpp; sourceTree = SOURCE_ROOT; };
		1E6DCC5B4AAE2C8CA31043B5 /* dist.h */ = {isa = PBXFileReference; explicitFileType = sourcecode.c.h; fileEncoding = 30; name = dist.h; path = ../../../../../../../../../Documents/of_v0.9.8_osx_release/addons/ofxOpenCv/libs/opencv/include/opencv2/flann/dist.h; sourceTree = SOURCE_ROOT; };
		219A800EA96AC460F71DA78E /* inpainting.hpp */ = {isa = PBXFileReference; explicitFileType = sourcecode.c.h; fileEncoding = 30; name = inpainting.hpp; path = ../../../../../../../../../Documents/of_v0.9.8_osx_release/addons/ofxOpenCv/libs/opencv/include/opencv2/videostab/inpainting.hpp; sourceTree = SOURCE_ROOT; };
		236881D53FB2CFF3A4257CE0 /* calib3d.hpp */ = {isa = PBXFileReference; explicitFileType = sourcecode.c.h; fileEncoding = 30; name = calib3d.hpp; path = ../../../../../../../../../Documents/of_v0.9.8_osx_release/addons/ofxOpenCv/libs/opencv/include/opencv2/calib3d/calib3d.hpp; sourceTree = SOURCE_ROOT; };
		2420C663163FFCAD5C151B42 /* util.hpp */ = {isa = PBXFileReference; explicitFileType = sourcecode.c.h; fileEncoding = 30; name = util.hpp; path = ../../../../../../../../../Documents/of_v0.9.8_osx_release/addons/ofxOpenCv/libs/opencv/include/opencv2/stitching/detail/util.hpp; sourceTree = SOURCE_ROOT; };
		26995096E89AA1B3B6D4D906 /* warpers.hpp */ = {isa = PBXFileReference; explicitFileType = sourcecode.c.h; fileEncoding = 30; name = warpers.hpp; path = ../../../../../../../../../Documents/of_v0.9.8_osx_release/addons/ofxOpenCv/libs/opencv/include/opencv2/stitching/warpers.hpp; sourceTree = SOURCE_ROOT; };
		26D5A167673B89E0BC8D4B77 /* config.h */ = {isa = PBXFileReference; explicitFileType = sourcecode.c.h; fileEncoding = 30; name = config.h; path = ../../../../../../../../../Documents/of_v0.9.8_osx_release/addons/ofxOpenCv/libs/opencv/include/opencv2/flann/config.h; sourceTree = SOURCE_ROOT; };
		279C1FF95ED75A3B6998016C /* timer.h */ = {isa = PBXFileReference; explicitFileType = sourcecode.c.h; fileEncoding = 30; name = timer.h; path = ../../../../../../../../../Documents/of_v0.9.8_osx_release/addons/ofxOpenCv/libs/opencv/include/opencv2/flann/timer.h; sourceTree = SOURCE_ROOT; };
		2AF8999BB0D152DA04AF1715 /* heap.h */ = {isa = PBXFileReference; explicitFileType = sourcecode.c.h; fileEncoding = 30; name = heap.h; path = ../../../../../../../../../Documents/of_v0.9.8_osx_release/addons/ofxOpenCv/libs/opencv/include/opencv2/flann/heap.h; sourceTree = SOURCE_ROOT; };
		31A7693F0D2CB29A643595D0 /* kdtree_single_index.h */ = {isa = PBXFileReference; explicitFileType = sourcecode.c.h; fileEncoding = 30; name = kdtree_single_index.h; path = ../../../../../../../../../Documents/of_v0.9.8_osx_release/addons/ofxOpenCv/libs/opencv/include/opencv2/flann/kdtree_single_index.h; sourceTree = SOURCE_ROOT; };
		31E1A16A2CD88631C1BF5C8B /* ofxCvImage.h */ = {isa = PBXFileReference; explicitFileType = sourcecode.c.h; fileEncoding = 30; name = ofxCvImage.h; path = ../../../../../../../../../Documents/of_v0.9.8_osx_release/addons/ofxOpenCv/src/ofxCvImage.h; sourceTree = SOURCE_ROOT; };
		31F39D3E851A42B2EACC369F /* background_segm.hpp */ = {isa = PBXFileReference; explicitFileType = sourcecode.c.h; fileEncoding = 30; name = background_segm.hpp; path = ../../../../../../../../../Documents/of_v0.9.8_osx_release/addons/ofxOpenCv/libs/opencv/include/opencv2/video/background_segm.hpp; sourceTree = SOURCE_ROOT; };
		3374FE0D579FEAD52A5CF8E4 /* retina.hpp */ = {isa = PBXFileReference; explicitFileType = sourcecode.c.h; fileEncoding = 30; name = retina.hpp; path = ../../../../../../../../../Documents/of_v0.9.8_osx_release/addons/ofxOpenCv/libs/opencv/include/opencv2/contrib/retina.hpp; sourceTree = SOURCE_ROOT; };
		362CA699520941813843F3BA /* photo.hpp */ = {isa = PBXFileReference; explicitFileType = sourcecode.c.h; fileEncoding = 30; name = photo.hpp; path = ../../../../../../../../../Documents/of_v0.9.8_osx_release/addons/ofxOpenCv/libs/opencv/include/opencv2/photo/photo.hpp; sourceTree = SOURCE_ROOT; };
		36AE88FAA3DE4D621050A90E /* ofxCvFloatImage.h */ = {isa = PBXFileReference; explicitFileType = sourcecode.c.h; fileEncoding = 30; name = ofxCvFloatImage.h; path = ../../../../../../../../../Documents/of_v0.9.8_osx_release/addons/ofxOpenCv/src/ofxCvFloatImage.h; sourceTree = SOURCE_ROOT; };
		36B3165BC122DE291E0056F3 /* miniflann.hpp */ = {isa = PBXFileReference; explicitFileType = sourcecode.c.h; fileEncoding = 30; name = miniflann.hpp; path = ../../../../../../../../../Documents/of_v0.9.8_osx_release/addons/ofxOpenCv/libs/opencv/include/opencv2/flann/miniflann.hpp; sourceTree = SOURCE_ROOT; };
		36D1604D94AFB62122317CD3 /* common.hpp */ = {isa = PBXFileReference; explicitFileType = sourcecode.c.h; fileEncoding = 30; name = common.hpp; path = ../../../../../../../../../Documents/of_v0.9.8_osx_release/addons/ofxOpenCv/libs/opencv/include/opencv2/gpu/device/common.hpp; sourceTree = SOURCE_ROOT; };
		36E472151E52BAA9AAF475EA /* gpu.hpp */ = {isa = PBXFileReference; explicitFileType = sourcecode.c.h; fileEncoding = 30; name = gpu.hpp; path = ../../../../../../../../../Documents/of_v0.9.8_osx_release/addons/ofxOpenCv/libs/opencv/include/opencv2/nonfree/gpu.hpp; sourceTree = SOURCE_ROOT; };
		3700631F01C536C261F7DCD2 /* lsh_table.h */ = {isa = PBXFileReference; explicitFileType = sourcecode.c.h; fileEncoding = 30; name = lsh_table.h; path = ../../../../../../../../../Documents/of_v0.9.8_osx_release/addons/ofxOpenCv/libs/opencv/include/opencv2/flann/lsh_table.h; sourceTree = SOURCE_ROOT; };
		386152C3B62C8FEB7D63E109 /* cxeigen.hpp */ = {isa = PBXFileReference; explicitFileType = sourcecode.c.h; fileEncoding = 30; name = cxeigen.hpp; path = ../../../../../../../../../Documents/of_v0.9.8_osx_release/addons/ofxOpenCv/libs/opencv/include/opencv/cxeigen.hpp; sourceTree = SOURCE_ROOT; };
		3BDE2010242EFF6E37E2B324 /* gpu.hpp */ = {isa = PBXFileReference; explicitFileType = sourcecode.c.h; fileEncoding = 30; name = gpu.hpp; path = ../../../../../../../../../Documents/of_v0.9.8_osx_release/addons/ofxOpenCv/libs/opencv/include/opencv2/gpu/gpu.hpp; sourceTree = SOURCE_ROOT; };
		3DA19B04D6FC2FC1ED51A319 /* ml.hpp */ = {isa = PBXFileReference; explicitFileType = sourcecode.c.h; fileEncoding = 30; name = ml.hpp; path = ../../../../../../../../../Documents/of_v0.9.8_osx_release/addons/ofxOpenCv/libs/opencv/include/opencv2/ml/ml.hpp; sourceTree = SOURCE_ROOT; };
		4007E2D0E1B0BED31057F71F /* simd_functions.hpp */ = {isa = PBXFileReference; explicitFileType = sourcecode.c.h; fileEncoding = 30; name = simd_functions.hpp; path = ../../../../../../../../../Documents/of_v0.9.8_osx_release/addons/ofxOpenCv/libs/opencv/include/opencv2/gpu/device/simd_functions.hpp; sourceTree = SOURCE_ROOT; };
		402BB2CD02222F756053FA9F /* core.hpp */ = {isa = PBXFileReference; explicitFileType = sourcecode.c.h; fileEncoding = 30; name = core.hpp; path = ../../../../../../../../../Documents/of_v0.9.8_osx_release/addons/ofxOpenCv/libs/opencv/include/opencv2/core/core.hpp; sourceTree = SOURCE_ROOT; };
		4048153A79F9D4FFA4430918 /* frame_source.hpp */ = {isa = PBXFileReference; explicitFileType = sourcecode.c.h; fileEncoding = 30; name = frame_source.hpp; path = ../../../../../../../../../Documents/of_v0.9.8_osx_release/addons/ofxOpenCv/libs/opencv/include/opencv2/videostab/frame_source.hpp; sourceTree = SOURCE_ROOT; };
		418BF66F616FFC960ED562DB /* superres.hpp */ = {isa = PBXFileReference; explicitFileType = sourcecode.c.h; fileEncoding = 30; name = superres.hpp; path = ../../../../../../../../../Documents/of_v0.9.8_osx_release/addons/ofxOpenCv/libs/opencv/include/opencv2/superres/superres.hpp; sourceTree = SOURCE_ROOT; };
		424079A659999EFCFFB8E11E /* log.hpp */ = {isa = PBXFileReference; explicitFileType = sourcecode.c.h; fileEncoding = 30; name = log.hpp; path = ../../../../../../../../../Documents/of_v0.9.8_osx_release/addons/ofxOpenCv/libs/opencv/include/opencv2/videostab/log.hpp; sourceTree = SOURCE_ROOT; };
		494FDD918955DE8CB7C311C2 /* vec_traits.hpp */ = {isa = PBXFileReference; explicitFileType = sourcecode.c.h; fileEncoding = 30; name = vec_traits.hpp; path = ../../../../../../../../../Documents/of_v0.9.8_osx_release/addons/ofxOpenCv/libs/opencv/include/opencv2/gpu/device/vec_traits.hpp; sourceTree = SOURCE_ROOT; };
		4AB80FA13CE040CEF629E691 /* ofxCvHaarFinder.cpp */ = {isa = PBXFileReference; explicitFileType = sourcecode.cpp.cpp; fileEncoding = 30; name = ofxCvHaarFinder.cpp; path = ../../../../../../../../../Documents/of_v0.9.8_osx_release/addons/ofxOpenCv/src/ofxCvHaarFinder.cpp; sourceTree = SOURCE_ROOT; };
		4B54A59D3A0556B66909E3A3 /* autotuned_index.h */ = {isa = PBXFileReference; explicitFileType = sourcecode.c.h; fileEncoding = 30; name = autotuned_index.h; path = ../../../../../../../../../Documents/of_v0.9.8_osx_release/addons/ofxOpenCv/libs/opencv/include/opencv2/flann/autotuned_index.h; sourceTree = SOURCE_ROOT; };
		4C710A9694184977C1B25ED7 /* functional.hpp */ = {isa = PBXFileReference; explicitFileType = sourcecode.c.h; fileEncoding = 30; name = functional.hpp; path = ../../../../../../../../../Documents/of_v0.9.8_osx_release/addons/ofxOpenCv/libs/opencv/include/opencv2/gpu/device/functional.hpp; sourceTree = SOURCE_ROOT; };
		4CF50C7A15AEFA920567FBB7 /* gpumat.hpp */ = {isa = PBXFileReference; explicitFileType = sourcecode.c.h; fileEncoding = 30; name = gpumat.hpp; path = ../../../../../../../../../Documents/of_v0.9.8_osx_release/addons/ofxOpenCv/libs/opencv/include/opencv2/gpu/gpumat.hpp; sourceTree = SOURCE_ROOT; };
		4D617430296764A85561B572 /* ofxCvBlob.h */ = {isa = PBXFileReference; explicitFileType = sourcecode.c.h; fileEncoding = 30; name = ofxCvBlob.h; path = ../../../../../../../../../Documents/of_v0.9.8_osx_release/addons/ofxOpenCv/src/ofxCvBlob.h; sourceTree = SOURCE_ROOT; };
		4E7154ECD4A58368510CC94C /* contrib.hpp */ = {isa = PBXFileReference; explicitFileType = sourcecode.c.h; fileEncoding = 30; name = contrib.hpp; path = ../../../../../../../../../Documents/of_v0.9.8_osx_release/addons/ofxOpenCv/libs/opencv/include/opencv2/contrib/contrib.hpp; sourceTree = SOURCE_ROOT; };
		4EE21B08F481273C55EF0AC8 /* ofxCvHaarFinder.h */ = {isa = PBXFileReference; explicitFileType = sourcecode.c.h; fileEncoding = 30; name = ofxCvHaarFinder.h; path = ../../../../../../../../../Documents/of_v0.9.8_osx_release/addons/ofxOpenCv/src/ofxCvHaarFinder.h; sourceTree = SOURCE_ROOT; };
		4F9AB979F1EFA3DB4B5D194D /* warpers_inl.hpp */ = {isa = PBXFileReference; explicitFileType = sourcecode.c.h; fileEncoding = 30; name = warpers_inl.hpp; path = ../../../../../../../../../Documents/of_v0.9.8_osx_release/addons/ofxOpenCv/libs/opencv/include/opencv2/stitching/detail/warpers_inl.hpp; sourceTree = SOURCE_ROOT; };
		50F0AEBA2A3EBEB5EE76A1DD /* color_detail.hpp */ = {isa = PBXFileReference; explicitFileType = sourcecode.c.h; fileEncoding = 30; name = color_detail.hpp; path = ../../../../../../../../../Documents/of_v0.9.8_osx_release/addons/ofxOpenCv/libs/opencv/include/opencv2/gpu/device/detail/color_detail.hpp; sourceTree = SOURCE_ROOT; };
		5124F76FA38164959FF78251 /* saturate_cast.hpp */ = {isa = PBXFileReference; explicitFileType = sourcecode.c.h; fileEncoding = 30; name = saturate_cast.hpp; path = ../../../../../../../../../Documents/of_v0.9.8_osx_release/addons/ofxOpenCv/libs/opencv/include/opencv2/gpu/device/saturate_cast.hpp; sourceTree = SOURCE_ROOT; };
		51A2DDB3250F02DAC4B69927 /* ofxCvGrayscaleImage.cpp */ = {isa = PBXFileReference; explicitFileType = sourcecode.cpp.cpp; fileEncoding = 30; name = ofxCvGrayscaleImage.cpp; path = ../../../../../../../../../Documents/of_v0.9.8_osx_release/addons/ofxOpenCv/src/ofxCvGrayscaleImage.cpp; sourceTree = SOURCE_ROOT; };
		5399104268342F301ED886EC /* ofxCvContourFinder.h */ = {isa = PBXFileReference; explicitFileType = sourcecode.c.h; fileEncoding = 30; name = ofxCvContourFinder.h; path = ../../../../../../../../../Documents/of_v0.9.8_osx_release/addons/ofxOpenCv/src/ofxCvContourFinder.h; sourceTree = SOURCE_ROOT; };
		5546C83592182288F152D9E3 /* gpu_test.hpp */ = {isa = PBXFileReference; explicitFileType = sourcecode.c.h; fileEncoding = 30; name = gpu_test.hpp; path = ../../../../../../../../../Documents/of_v0.9.8_osx_release/addons/ofxOpenCv/libs/opencv/include/opencv2/ts/gpu_test.hpp; sourceTree = SOURCE_ROOT; };
		556FD6B9492CF0C103B3216B /* vec_math.hpp */ = {isa = PBXFileReference; explicitFileType = sourcecode.c.h; fileEncoding = 30; name = vec_math.hpp; path = ../../../../../../../../../Documents/of_v0.9.8_osx_release/addons/ofxOpenCv/libs/opencv/include/opencv2/gpu/device/vec_math.hpp; sourceTree = SOURCE_ROOT; };
		5A0503B230BCBF3D86A19B99 /* result_set.h */ = {isa = PBXFileReference; explicitFileType = sourcecode.c.h; fileEncoding = 30; name = result_set.h; path = ../../../../../../../../../Documents/of_v0.9.8_osx_release/addons/ofxOpenCv/libs/opencv/include/opencv2/flann/result_set.h; sourceTree = SOURCE_ROOT; };
		5A5D864EC540AF66965893C3 /* stabilizer.hpp */ = {isa = PBXFileReference; explicitFileType = sourcecode.c.h; fileEncoding = 30; name = stabilizer.hpp; path = ../../../../../../../../../Documents/of_v0.9.8_osx_release/addons/ofxOpenCv/libs/opencv/include/opencv2/videostab/stabilizer.hpp; sourceTree = SOURCE_ROOT; };
		5BC22896DED75A94816B9A73 /* hierarchical_clustering_index.h */ = {isa = PBXFileReference; explicitFileType = sourcecode.c.h; fileEncoding = 30; name = hierarchical_clustering_index.h; path = ../../../../../../../../../Documents/of_v0.9.8_osx_release/addons/ofxOpenCv/libs/opencv/include/opencv2/flann/hierarchical_clustering_index.h; sourceTree = SOURCE_ROOT; };
		5C09B69E87D5663619DD111E /* composite_index.h */ = {isa = PBXFileReference; explicitFileType = sourcecode.c.h; fileEncoding = 30; name = composite_index.h; path = ../../../../../../../../../Documents/of_v0.9.8_osx_release/addons/ofxOpenCv/libs/opencv/include/opencv2/flann/composite_index.h; sourceTree = SOURCE_ROOT; };
		5E41CDC97B7D2B4F3D697442 /* autocalib.hpp */ = {isa = PBXFileReference; explicitFileType = sourcecode.c.h; fileEncoding = 30; name = autocalib.hpp; path = ../../../../../../../../../Documents/of_v0.9.8_osx_release/addons/ofxOpenCv/libs/opencv/include/opencv2/stitching/detail/autocalib.hpp; sourceTree = SOURCE_ROOT; };
		6280922F3DD0600DB39F8EF8 /* funcattrib.hpp */ = {isa = PBXFileReference; explicitFileType = sourcecode.c.h; fileEncoding = 30; name = funcattrib.hpp; path = ../../../../../../../../../Documents/of_v0.9.8_osx_release/addons/ofxOpenCv/libs/opencv/include/opencv2/gpu/device/funcattrib.hpp; sourceTree = SOURCE_ROOT; };
		63528DE834BE687287A9F73C /* sampling.h */ = {isa = PBXFileReference; explicitFileType = sourcecode.c.h; fileEncoding = 30; name = sampling.h; path = ../../../../../../../../../Documents/of_v0.9.8_osx_release/addons/ofxOpenCv/libs/opencv/include/opencv2/flann/sampling.h; sourceTree = SOURCE_ROOT; };
		63DEEE8E530865210E32C2EB /* mat.hpp */ = {isa = PBXFileReference; explicitFileType = sourcecode.c.h; fileEncoding = 30; name = mat.hpp; path = ../../../../../../../../../Documents/of_v0.9.8_osx_release/addons/ofxOpenCv/libs/opencv/include/opencv2/core/mat.hpp; sourceTree = SOURCE_ROOT; };
		64A65CE828D5B712818F9F97 /* imgproc.hpp */ = {isa = PBXFileReference; explicitFileType = sourcecode.c.h; fileEncoding = 30; name = imgproc.hpp; path = ../../../../../../../../../Documents/of_v0.9.8_osx_release/addons/ofxOpenCv/libs/opencv/include/opencv2/imgproc/imgproc.hpp; sourceTree = SOURCE_ROOT; };
		65F13E1EC1C8CE3C10CDE70B /* vec_distance_detail.hpp */ = {isa = PBXFileReference; explicitFileType = sourcecode.c.h; fileEncoding = 30; name = vec_distance_detail.hpp; path = ../../../../../../../../../Documents/of_v0.9.8_osx_release/addons/ofxOpenCv/libs/opencv/include/opencv2/gpu/device/detail/vec_distance_detail.hpp; sourceTree = SOURCE_ROOT; };
		663FDAF9680148F4752979C6 /* cuda_devptrs.hpp */ = {isa = PBXFileReference; explicitFileType = sourcecode.c.h; fileEncoding = 30; name = cuda_devptrs.hpp; path = ../../../../../../../../../Documents/of_v0.9.8_osx_release/addons/ofxOpenCv/libs/opencv/include/opencv2/core/cuda_devptrs.hpp; sourceTree = SOURCE_ROOT; };
		689E179692F0512CB56473A4 /* ofxCvImage.cpp */ = {isa = PBXFileReference; explicitFileType = sourcecode.cpp.cpp; fileEncoding = 30; name = ofxCvImage.cpp; path = ../../../../../../../../../Documents/of_v0.9.8_osx_release/addons/ofxOpenCv/src/ofxCvImage.cpp; sourceTree = SOURCE_ROOT; };
		69C9FA975016F68A907416B8 /* utility.hpp */ = {isa = PBXFileReference; explicitFileType = sourcecode.c.h; fileEncoding = 30; name = utility.hpp; path = ../../../../../../../../../Documents/of_v0.9.8_osx_release/addons/ofxOpenCv/libs/opencv/include/opencv2/gpu/device/utility.hpp; sourceTree = SOURCE_ROOT; };
		6A64A74619943240DFD9EA72 /* all_indices.h */ = {isa = PBXFileReference; explicitFileType = sourcecode.c.h; fileEncoding = 30; name = all_indices.h; path = ../../../../../../../../../Documents/of_v0.9.8_osx_release/addons/ofxOpenCv/libs/opencv/include/opencv2/flann/all_indices.h; sourceTree = SOURCE_ROOT; };
		6D3668031E6717C7B0E45A7F /* motion_estimators.hpp */ = {isa = PBXFileReference; explicitFileType = sourcecode.c.h; fileEncoding = 30; name = motion_estimators.hpp; path = ../../../../../../../../../Documents/of_v0.9.8_osx_release/addons/ofxOpenCv/libs/opencv/include/opencv2/stitching/detail/motion_estimators.hpp; sourceTree = SOURCE_ROOT; };
		6D527CE035828D4B2D801688 /* warpers.hpp */ = {isa = PBXFileReference; explicitFileType = sourcecode.c.h; fileEncoding = 30; name = warpers.hpp; path = ../../../../../../../../../Documents/of_v0.9.8_osx_release/addons/ofxOpenCv/libs/opencv/include/opencv2/stitching/detail/warpers.hpp; sourceTree = SOURCE_ROOT; };
		6EE2B17D9B72FC6724FA1315 /* ofxCvGrayscaleImage.h */ = {isa = PBXFileReference; explicitFileType = sourcecode.c.h; fileEncoding = 30; name = ofxCvGrayscaleImage.h; path = ../../../../../../../../../Documents/of_v0.9.8_osx_release/addons/ofxOpenCv/src/ofxCvGrayscaleImage.h; sourceTree = SOURCE_ROOT; };
		701C54F5A3E43DBB79D0EC86 /* object_factory.h */ = {isa = PBXFileReference; explicitFileType = sourcecode.c.h; fileEncoding = 30; name = object_factory.h; path = ../../../../../../../../../Documents/of_v0.9.8_osx_release/addons/ofxOpenCv/libs/opencv/include/opencv2/flann/object_factory.h; sourceTree = SOURCE_ROOT; };
		714BF4834B49C308A987D6E4 /* optical_flow.hpp */ = {isa = PBXFileReference; explicitFileType = sourcecode.c.h; fileEncoding = 30; name = optical_flow.hpp; path = ../../../../../../../../../Documents/of_v0.9.8_osx_release/addons/ofxOpenCv/libs/opencv/include/opencv2/videostab/optical_flow.hpp; sourceTree = SOURCE_ROOT; };
		73CCFAB21ADD6B918ED8FCF5 /* border_interpolate.hpp */ = {isa = PBXFileReference; explicitFileType = sourcecode.c.h; fileEncoding = 30; name = border_interpolate.hpp; path = ../../../../../../../../../Documents/of_v0.9.8_osx_release/addons/ofxOpenCv/libs/opencv/include/opencv2/gpu/device/border_interpolate.hpp; sourceTree = SOURCE_ROOT; };
		753633B01948B9437F0825B4 /* emulation.hpp */ = {isa = PBXFileReference; explicitFileType = sourcecode.c.h; fileEncoding = 30; name = emulation.hpp; path = ../../../../../../../../../Documents/of_v0.9.8_osx_release/addons/ofxOpenCv/libs/opencv/include/opencv2/gpu/device/emulation.hpp; sourceTree = SOURCE_ROOT; };
		78D637B3CC30CB0E56A9A213 /* kdtree_index.h */ = {isa = PBXFileReference; explicitFileType = sourcecode.c.h; fileEncoding = 30; name = kdtree_index.h; path = ../../../../../../../../../Documents/of_v0.9.8_osx_release/addons/ofxOpenCv/libs/opencv/include/opencv2/flann/kdtree_index.h; sourceTree = SOURCE_ROOT; };
		79B18DE8381F62D3058691A7 /* devmem2d.hpp */ = {isa = PBXFileReference; explicitFileType = sourcecode.c.h; fileEncoding = 30; name = devmem2d.hpp; path = ../../../../../../../../../Documents/of_v0.9.8_osx_release/addons/ofxOpenCv/libs/opencv/include/opencv2/core/devmem2d.hpp; sourceTree = SOURCE_ROOT; };
		7BA231B29BBD5AD108772143 /* internal.hpp */ = {isa = PBXFileReference; explicitFileType = sourcecode.c.h; fileEncoding = 30; name = internal.hpp; path = ../../../../../../../../../Documents/of_v0.9.8_osx_release/addons/ofxOpenCv/libs/opencv/include/opencv2/core/internal.hpp; sourceTree = SOURCE_ROOT; };
		7BC656A583998B94EACC6ACA /* opengl_interop_deprecated.hpp */ = {isa = PBXFileReference; explicitFileType = sourcecode.c.h; fileEncoding = 30; name = opengl_interop_deprecated.hpp; path = ../../../../../../../../../Documents/of_v0.9.8_osx_release/addons/ofxOpenCv/libs/opencv/include/opencv2/core/opengl_interop_deprecated.hpp; sourceTree = SOURCE_ROOT; };
		7C25FCFBB6A494324A172E92 /* cvaux.h */ = {isa = PBXFileReference; explicitFileType = sourcecode.c.h; fileEncoding = 30; name = cvaux.h; path = ../../../../../../../../../Documents/of_v0.9.8_osx_release/addons/ofxOpenCv/libs/opencv/include/opencv/cvaux.h; sourceTree = SOURCE_ROOT; };
		7C4EAA8E31EF669B2809378B /* blenders.hpp */ = {isa = PBXFileReference; explicitFileType = sourcecode.c.h; fileEncoding = 30; name = blenders.hpp; path = ../../../../../../../../../Documents/of_v0.9.8_osx_release/addons/ofxOpenCv/libs/opencv/include/opencv2/stitching/detail/blenders.hpp; sourceTree = SOURCE_ROOT; };
		81F3DE9A289F27653D59CFD0 /* dummy.h */ = {isa = PBXFileReference; explicitFileType = sourcecode.c.h; fileEncoding = 30; name = dummy.h; path = ../../../../../../../../../Documents/of_v0.9.8_osx_release/addons/ofxOpenCv/libs/opencv/include/opencv2/flann/dummy.h; sourceTree = SOURCE_ROOT; };
		82761903CABAADA3AE537C39 /* opengl_interop.hpp */ = {isa = PBXFileReference; explicitFileType = sourcecode.c.h; fileEncoding = 30; name = opengl_interop.hpp; path = ../../../../../../../../../Documents/of_v0.9.8_osx_release/addons/ofxOpenCv/libs/opencv/include/opencv2/core/opengl_interop.hpp; sourceTree = SOURCE_ROOT; };
		84768CB13B385F51BDD482C1 /* photo_c.h */ = {isa = PBXFileReference; explicitFileType = sourcecode.c.h; fileEncoding = 30; name = photo_c.h; path = ../../../../../../../../../Documents/of_v0.9.8_osx_release/addons/ofxOpenCv/libs/opencv/include/opencv2/photo/photo_c.h; sourceTree = SOURCE_ROOT; };
		85F58C50F27FF3EEF88255BC /* cxcore.hpp */ = {isa = PBXFileReference; explicitFileType = sourcecode.c.h; fileEncoding = 30; name = cxcore.hpp; path = ../../../../../../../../../Documents/of_v0.9.8_osx_release/addons/ofxOpenCv/libs/opencv/include/opencv/cxcore.hpp; sourceTree = SOURCE_ROOT; };
		8705664A086F770F91504941 /* any.h */ = {isa = PBXFileReference; explicitFileType = sourcecode.c.h; fileEncoding = 30; name = any.h; path = ../../../../../../../../../Documents/of_v0.9.8_osx_release/addons/ofxOpenCv/libs/opencv/include/opencv2/flann/any.h; sourceTree = SOURCE_ROOT; };
		885121C8EDD1709CD983B000 /* detection_based_tracker.hpp */ = {isa = PBXFileReference; explicitFileType = sourcecode.c.h; fileEncoding = 30; name = detection_based_tracker.hpp; path = ../../../../../../../../../Documents/of_v0.9.8_osx_release/addons/ofxOpenCv/libs/opencv/include/opencv2/contrib/detection_based_tracker.hpp; sourceTree = SOURCE_ROOT; };
		8857190AA0189722E5AFD3AD /* ocl.hpp */ = {isa = PBXFileReference; explicitFileType = sourcecode.c.h; fileEncoding = 30; name = ocl.hpp; path = ../../../../../../../../../Documents/of_v0.9.8_osx_release/addons/ofxOpenCv/libs/opencv/include/opencv2/nonfree/ocl.hpp; sourceTree = SOURCE_ROOT; };
		895E7B59DB1E2A5D07510B1D /* legacy.hpp */ = {isa = PBXFileReference; explicitFileType = sourcecode.c.h; fileEncoding = 30; name = legacy.hpp; path = ../../../../../../../../../Documents/of_v0.9.8_osx_release/addons/ofxOpenCv/libs/opencv/include/opencv2/legacy/legacy.hpp; sourceTree = SOURCE_ROOT; };
		8ADE0F8C7449B55CBD8EE727 /* color.hpp */ = {isa = PBXFileReference; explicitFileType = sourcecode.c.h; fileEncoding = 30; name = color.hpp; path = ../../../../../../../../../Documents/of_v0.9.8_osx_release/addons/ofxOpenCv/libs/opencv/include/opencv2/gpu/device/color.hpp; sourceTree = SOURCE_ROOT; };
		8CEBF99E26F3EEF2BA37C6BE /* exposure_compensate.hpp */ = {isa = PBXFileReference; explicitFileType = sourcecode.c.h; fileEncoding = 30; name = exposure_compensate.hpp; path = ../../../../../../../../../Documents/of_v0.9.8_osx_release/addons/ofxOpenCv/libs/opencv/include/opencv2/stitching/detail/exposure_compensate.hpp; sourceTree = SOURCE_ROOT; };
		8EFC06A6E67A7C88EEDFCCD1 /* cvwimage.h */ = {isa = PBXFileReference; explicitFileType = sourcecode.c.h; fileEncoding = 30; name = cvwimage.h; path = ../../../../../../../../../Documents/of_v0.9.8_osx_release/addons/ofxOpenCv/libs/opencv/include/opencv/cvwimage.h; sourceTree = SOURCE_ROOT; };
		9134F7E95A044EA077711184 /* hybridtracker.hpp */ = {isa = PBXFileReference; explicitFileType = sourcecode.c.h; fileEncoding = 30; name = hybridtracker.hpp; path = ../../../../../../../../../Documents/of_v0.9.8_osx_release/addons/ofxOpenCv/libs/opencv/include/opencv2/contrib/hybridtracker.hpp; sourceTree = SOURCE_ROOT; };
		9182AC8AE42CD01F13290359 /* fast_marching_inl.hpp */ = {isa = PBXFileReference; explicitFileType = sourcecode.c.h; fileEncoding = 30; name = fast_marching_inl.hpp; path = ../../../../../../../../../Documents/of_v0.9.8_osx_release/addons/ofxOpenCv/libs/opencv/include/opencv2/videostab/fast_marching_inl.hpp; sourceTree = SOURCE_ROOT; };
		93187076457B7E730285D4EA /* hdf5.h */ = {isa = PBXFileReference; explicitFileType = sourcecode.c.h; fileEncoding = 30; name = hdf5.h; path = ../../../../../../../../../Documents/of_v0.9.8_osx_release/addons/ofxOpenCv/libs/opencv/include/opencv2/flann/hdf5.h; sourceTree = SOURCE_ROOT; };
		95CDEA363D68B7154EDD62C4 /* ofxCvContourFinder.cpp */ = {isa = PBXFileReference; explicitFileType = sourcecode.cpp.cpp; fileEncoding = 30; name = ofxCvContourFinder.cpp; path = ../../../../../../../../../Documents/of_v0.9.8_osx_release/addons/ofxOpenCv/src/ofxCvContourFinder.cpp; sourceTree = SOURCE_ROOT; };
		97845670E83D3B48BF441DE6 /* defines.h */ = {isa = PBXFileReference; explicitFileType = sourcecode.c.h; fileEncoding = 30; name = defines.h; path = ../../../../../../../../../Documents/of_v0.9.8_osx_release/addons/ofxOpenCv/libs/opencv/include/opencv2/flann/defines.h; sourceTree = SOURCE_ROOT; };
		99F419D79FA45CF9F98A1451 /* transform_detail.hpp */ = {isa = PBXFileReference; explicitFileType = sourcecode.c.h; fileEncoding = 30; name = transform_detail.hpp; path = ../../../../../../../../../Documents/of_v0.9.8_osx_release/addons/ofxOpenCv/libs/opencv/include/opencv2/gpu/device/detail/transform_detail.hpp; sourceTree = SOURCE_ROOT; };
		9B0BEA7A8666370AE001FEA2 /* cxmisc.h */ = {isa = PBXFileReference; explicitFileType = sourcecode.c.h; fileEncoding = 30; name = cxmisc.h; path = ../../../../../../../../../Documents/of_v0.9.8_osx_release/addons/ofxOpenCv/libs/opencv/include/opencv/cxmisc.h; sourceTree = SOURCE_ROOT; };
		9C2439C61DEB67FE0B67A5D1 /* core_c.h */ = {isa = PBXFileReference; explicitFileType = sourcecode.c.h; fileEncoding = 30; name = core_c.h; path = ../../../../../../../../../Documents/of_v0.9.8_osx_release/addons/ofxOpenCv/libs/opencv/include/opencv2/core/core_c.h; sourceTree = SOURCE_ROOT; };
		9D73214FA3E4F3F79971A89F /* lsh_index.h */ = {isa = PBXFileReference; explicitFileType = sourcecode.c.h; fileEncoding = 30; name = lsh_index.h; path = ../../../../../../../../../Documents/of_v0.9.8_osx_release/addons/ofxOpenCv/libs/opencv/include/opencv2/flann/lsh_index.h; sourceTree = SOURCE_ROOT; };
		9DA698FE36CE93FEEF565453 /* features2d.hpp */ = {isa = PBXFileReference; explicitFileType = sourcecode.c.h; fileEncoding = 30; name = features2d.hpp; path = ../../../../../../../../../Documents/of_v0.9.8_osx_release/addons/ofxOpenCv/libs/opencv/include/opencv2/nonfree/features2d.hpp; sourceTree = SOURCE_ROOT; };
		A1F8A64DF67E86030C2438E7 /* features2d.hpp */ = {isa = PBXFileReference; explicitFileType = sourcecode.c.h; fileEncoding = 30; name = features2d.hpp; path = ../../../../../../../../../Documents/of_v0.9.8_osx_release/addons/ofxOpenCv/libs/opencv/include/opencv2/features2d/features2d.hpp; sourceTree = SOURCE_ROOT; };
		A2D986F6C5F534D45416C477 /* ofxCvColorImage.h */ = {isa = PBXFileReference; explicitFileType = sourcecode.c.h; fileEncoding = 30; name = ofxCvColorImage.h; path = ../../../../../../../../../Documents/of_v0.9.8_osx_release/addons/ofxOpenCv/src/ofxCvColorImage.h; sourceTree = SOURCE_ROOT; };
		A32BD3715DF8C9417400D918 /* warp_reduce.hpp */ = {isa = PBXFileReference; explicitFileType = sourcecode.c.h; fileEncoding = 30; name = warp_reduce.hpp; path = ../../../../../../../../../Documents/of_v0.9.8_osx_release/addons/ofxOpenCv/libs/opencv/include/opencv2/gpu/device/warp_reduce.hpp; sourceTree = SOURCE_ROOT; };
		A44F6192757B5219D94D5794 /* cap_ios.h */ = {isa = PBXFileReference; explicitFileType = sourcecode.c.h; fileEncoding = 30; name = cap_ios.h; path = ../../../../../../../../../Documents/of_v0.9.8_osx_release/addons/ofxOpenCv/libs/opencv/include/opencv2/highgui/cap_ios.h; sourceTree = SOURCE_ROOT; };
		A5E860A908D0FB0CD72F63C8 /* types_c.h */ = {isa = PBXFileReference; explicitFileType = sourcecode.c.h; fileEncoding = 30; name = types_c.h; path = ../../../../../../../../../Documents/of_v0.9.8_osx_release/addons/ofxOpenCv/libs/opencv/include/opencv2/imgproc/types_c.h; sourceTree = SOURCE_ROOT; };
		A71927FC553136F42BFB5B0C /* simplex_downhill.h */ = {isa = PBXFileReference; explicitFileType = sourcecode.c.h; fileEncoding = 30; name = simplex_downhill.h; path = ../../../../../../../../../Documents/of_v0.9.8_osx_release/addons/ofxOpenCv/libs/opencv/include/opencv2/flann/simplex_downhill.h; sourceTree = SOURCE_ROOT; };
		A88D658310E96CC78BBEC2FD /* ofxCvShortImage.cpp */ = {isa = PBXFileReference; explicitFileType = sourcecode.cpp.cpp; fileEncoding = 30; name = ofxCvShortImage.cpp; path = ../../../../../../../../../Documents/of_v0.9.8_osx_release/addons/ofxOpenCv/src/ofxCvShortImage.cpp; sourceTree = SOURCE_ROOT; };
		AC0D2B529A1A99DC650EA287 /* dynamic_bitset.h */ = {isa = PBXFileReference; explicitFileType = sourcecode.c.h; fileEncoding = 30; name = dynamic_bitset.h; path = ../../../../../../../../../Documents/of_v0.9.8_osx_release/addons/ofxOpenCv/libs/opencv/include/opencv2/flann/dynamic_bitset.h; sourceTree = SOURCE_ROOT; };
		AFE009A1CEF408C6C73DFADE /* video.hpp */ = {isa = PBXFileReference; explicitFileType = sourcecode.c.h; fileEncoding = 30; name = video.hpp; path = ../../../../../../../../../Documents/of_v0.9.8_osx_release/addons/ofxOpenCv/libs/opencv/include/opencv2/video/video.hpp; sourceTree = SOURCE_ROOT; };
		B1C562BD6E649EB9F5115F5A /* warp_shuffle.hpp */ = {isa = PBXFileReference; explicitFileType = sourcecode.c.h; fileEncoding = 30; name = warp_shuffle.hpp; path = ../../../../../../../../../Documents/of_v0.9.8_osx_release/addons/ofxOpenCv/libs/opencv/include/opencv2/gpu/device/warp_shuffle.hpp; sourceTree = SOURCE_ROOT; };
		B5447D0E82A2833755405D12 /* optical_flow.hpp */ = {isa = PBXFileReference; explicitFileType = sourcecode.c.h; fileEncoding = 30; name = optical_flow.hpp; path = ../../../../../../../../../Documents/of_v0.9.8_osx_release/addons/ofxOpenCv/libs/opencv/include/opencv2/superres/optical_flow.hpp; sourceTree = SOURCE_ROOT; };
		B60C43E90171D76D8FF2A87D /* dynamic_smem.hpp */ = {isa = PBXFileReference; explicitFileType = sourcecode.c.h; fileEncoding = 30; name = dynamic_smem.hpp; path = ../../../../../../../../../Documents/of_v0.9.8_osx_release/addons/ofxOpenCv/libs/opencv/include/opencv2/gpu/device/dynamic_smem.hpp; sourceTree = SOURCE_ROOT; };
		B621D256E58915AC261E9DA2 /* ofxCvConstants.h */ = {isa = PBXFileReference; explicitFileType = sourcecode.c.h; fileEncoding = 30; name = ofxCvConstants.h; path = ../../../../../../../../../Documents/of_v0.9.8_osx_release/addons/ofxOpenCv/src/ofxCvConstants.h; sourceTree = SOURCE_ROOT; };
		B6779E5B7778C374E16BF30F /* motion_stabilizing.hpp */ = {isa = PBXFileReference; explicitFileType = sourcecode.c.h; fileEncoding = 30; name = motion_stabilizing.hpp; path = ../../../../../../../../../Documents/of_v0.9.8_osx_release/addons/ofxOpenCv/libs/opencv/include/opencv2/videostab/motion_stabilizing.hpp; sourceTree = SOURCE_ROOT; };
		BC384001201E841F007BE359 /* JLFish.cpp */ = {isa = PBXFileReference; lastKnownFileType = sourcecode.cpp.cpp; path = JLFish.cpp; sourceTree = "<group>"; };
		BC384002201E841F007BE359 /* JLFish.h */ = {isa = PBXFileReference; lastKnownFileType = sourcecode.c.h; path = JLFish.h; sourceTree = "<group>"; };
		BCB4B9DF982B3D56C88D7333 /* reduce.hpp */ = {isa = PBXFileReference; explicitFileType = sourcecode.c.h; fileEncoding = 30; name = reduce.hpp; path = ../../../../../../../../../Documents/of_v0.9.8_osx_release/addons/ofxOpenCv/libs/opencv/include/opencv2/gpu/device/reduce.hpp; sourceTree = SOURCE_ROOT; };
		BD3A37CC976A79B972717427 /* block.hpp */ = {isa = PBXFileReference; explicitFileType = sourcecode.c.h; fileEncoding = 30; name = block.hpp; path = ../../../../../../../../../Documents/of_v0.9.8_osx_release/addons/ofxOpenCv/libs/opencv/include/opencv2/gpu/device/block.hpp; sourceTree = SOURCE_ROOT; };
		BD6A010FF2106E0214A8FECA /* ofxCvColorImage.cpp */ = {isa = PBXFileReference; explicitFileType = sourcecode.cpp.cpp; fileEncoding = 30; name = ofxCvColorImage.cpp; path = ../../../../../../../../../Documents/of_v0.9.8_osx_release/addons/ofxOpenCv/src/ofxCvColorImage.cpp; sourceTree = SOURCE_ROOT; };
		BD80153719476530EAFDBED5 /* type_traits_detail.hpp */ = {isa = PBXFileReference; explicitFileType = sourcecode.c.h; fileEncoding = 30; name = type_traits_detail.hpp; path = ../../../../../../../../../Documents/of_v0.9.8_osx_release/addons/ofxOpenCv/libs/opencv/include/opencv2/gpu/device/detail/type_traits_detail.hpp; sourceTree = SOURCE_ROOT; };
		BE973DE16D3EFF97BF4B9B42 /* random.h */ = {isa = PBXFileReference; explicitFileType = sourcecode.c.h; fileEncoding = 30; name = random.h; path = ../../../../../../../../../Documents/of_v0.9.8_osx_release/addons/ofxOpenCv/libs/opencv/include/opencv2/flann/random.h; sourceTree = SOURCE_ROOT; };
		C1121A48E87CEBACE52E694D /* openfabmap.hpp */ = {isa = PBXFileReference; explicitFileType = sourcecode.c.h; fileEncoding = 30; name = openfabmap.hpp; path = ../../../../../../../../../Documents/of_v0.9.8_osx_release/addons/ofxOpenCv/libs/opencv/include/opencv2/contrib/openfabmap.hpp; sourceTree = SOURCE_ROOT; };
		C206FD1F42B58C0D07C6F197 /* imgproc_c.h */ = {isa = PBXFileReference; explicitFileType = sourcecode.c.h; fileEncoding = 30; name = imgproc_c.h; path = ../../../../../../../../../Documents/of_v0.9.8_osx_release/addons/ofxOpenCv/libs/opencv/include/opencv2/imgproc/imgproc_c.h; sourceTree = SOURCE_ROOT; };
		C2AB12087C4F409D7C423D3E /* params.h */ = {isa = PBXFileReference; explicitFileType = sourcecode.c.h; fileEncoding = 30; name = params.h; path = ../../../../../../../../../Documents/of_v0.9.8_osx_release/addons/ofxOpenCv/libs/opencv/include/opencv2/flann/params.h; sourceTree = SOURCE_ROOT; };
		C2E2C2964E78ACC3F69F8BB4 /* logger.h */ = {isa = PBXFileReference; explicitFileType = sourcecode.c.h; fileEncoding = 30; name = logger.h; path = ../../../../../../../../../Documents/of_v0.9.8_osx_release/addons/ofxOpenCv/libs/opencv/include/opencv2/flann/logger.h; sourceTree = SOURCE_ROOT; };
		C3205ED4AAA81C2A14D340D4 /* types_c.h */ = {isa = PBXFileReference; explicitFileType = sourcecode.c.h; fileEncoding = 30; name = types_c.h; path = ../../../../../../../../../Documents/of_v0.9.8_osx_release/addons/ofxOpenCv/libs/opencv/include/opencv2/core/types_c.h; sourceTree = SOURCE_ROOT; };
		C3BD5428F042F0F0B362A98E /* nonfree.hpp */ = {isa = PBXFileReference; explicitFileType = sourcecode.c.h; fileEncoding = 30; name = nonfree.hpp; path = ../../../../../../../../../Documents/of_v0.9.8_osx_release/addons/ofxOpenCv/libs/opencv/include/opencv2/nonfree/nonfree.hpp; sourceTree = SOURCE_ROOT; };
		C3D0A521D287B473C5C46F9C /* allocator.h */ = {isa = PBXFileReference; explicitFileType = sourcecode.c.h; fileEncoding = 30; name = allocator.h; path = ../../../../../../../../../Documents/of_v0.9.8_osx_release/addons/ofxOpenCv/libs/opencv/include/opencv2/flann/allocator.h; sourceTree = SOURCE_ROOT; };
		C466F4FED0F4F3879BBDA17A /* seam_finders.hpp */ = {isa = PBXFileReference; explicitFileType = sourcecode.c.h; fileEncoding = 30; name = seam_finders.hpp; path = ../../../../../../../../../Documents/of_v0.9.8_osx_release/addons/ofxOpenCv/libs/opencv/include/opencv2/stitching/detail/seam_finders.hpp; sourceTree = SOURCE_ROOT; };
		C501D2722BCBC458233B216A /* highgui.hpp */ = {isa = PBXFileReference; explicitFileType = sourcecode.c.h; fileEncoding = 30; name = highgui.hpp; path = ../../../../../../../../../Documents/of_v0.9.8_osx_release/addons/ofxOpenCv/libs/opencv/include/opencv2/highgui/highgui.hpp; sourceTree = SOURCE_ROOT; };
		C6A578E9D07D1D3D99CBFA18 /* ofxCvShortImage.h */ = {isa = PBXFileReference; explicitFileType = sourcecode.c.h; fileEncoding = 30; name = ofxCvShortImage.h; path = ../../../../../../../../../Documents/of_v0.9.8_osx_release/addons/ofxOpenCv/src/ofxCvShortImage.h; sourceTree = SOURCE_ROOT; };
		C74B11E526DA0AF370BBAAF6 /* ofxCvFloatImage.cpp */ = {isa = PBXFileReference; explicitFileType = sourcecode.cpp.cpp; fileEncoding = 30; name = ofxCvFloatImage.cpp; path = ../../../../../../../../../Documents/of_v0.9.8_osx_release/addons/ofxOpenCv/src/ofxCvFloatImage.cpp; sourceTree = SOURCE_ROOT; };
		C9770BD36494B55CE9BBB2AA /* filters.hpp */ = {isa = PBXFileReference; explicitFileType = sourcecode.c.h; fileEncoding = 30; name = filters.hpp; path = ../../../../../../../../../Documents/of_v0.9.8_osx_release/addons/ofxOpenCv/libs/opencv/include/opencv2/gpu/device/filters.hpp; sourceTree = SOURCE_ROOT; };
		CB1DF51EB6E1EDBCD5A864DE /* datamov_utils.hpp */ = {isa = PBXFileReference; explicitFileType = sourcecode.c.h; fileEncoding = 30; name = datamov_utils.hpp; path = ../../../../../../../../../Documents/of_v0.9.8_osx_release/addons/ofxOpenCv/libs/opencv/include/opencv2/gpu/device/datamov_utils.hpp; sourceTree = SOURCE_ROOT; };
		CB6339E48342B37DC55F17EA /* fast_marching.hpp */ = {isa = PBXFileReference; explicitFileType = sourcecode.c.h; fileEncoding = 30; name = fast_marching.hpp; path = ../../../../../../../../../Documents/of_v0.9.8_osx_release/addons/ofxOpenCv/libs/opencv/include/opencv2/videostab/fast_marching.hpp; sourceTree = SOURCE_ROOT; };
		CEB771556061A31A3B2A27A4 /* wimage.hpp */ = {isa = PBXFileReference; explicitFileType = sourcecode.c.h; fileEncoding = 30; name = wimage.hpp; path = ../../../../../../../../../Documents/of_v0.9.8_osx_release/addons/ofxOpenCv/libs/opencv/include/opencv2/core/wimage.hpp; sourceTree = SOURCE_ROOT; };
		CEB9F7E7C4F949DA25426C38 /* transform.hpp */ = {isa = PBXFileReference; explicitFileType = sourcecode.c.h; fileEncoding = 30; name = transform.hpp; path = ../../../../../../../../../Documents/of_v0.9.8_osx_release/addons/ofxOpenCv/libs/opencv/include/opencv2/gpu/device/transform.hpp; sourceTree = SOURCE_ROOT; };
		D074806A7DBB0D5F9212C5EB /* cv.hpp */ = {isa = PBXFileReference; explicitFileType = sourcecode.c.h; fileEncoding = 30; name = cv.hpp; path = ../../../../../../../../../Documents/of_v0.9.8_osx_release/addons/ofxOpenCv/libs/opencv/include/opencv/cv.hpp; sourceTree = SOURCE_ROOT; };
		D08C120CDC76CD909B84D427 /* ml.h */ = {isa = PBXFileReference; explicitFileType = sourcecode.c.h; fileEncoding = 30; name = ml.h; path = ../../../../../../../../../Documents/of_v0.9.8_osx_release/addons/ofxOpenCv/libs/opencv/include/opencv/ml.h; sourceTree = SOURCE_ROOT; };
		D1E7FF4012B27BF69A7D1522 /* stitcher.hpp */ = {isa = PBXFileReference; explicitFileType = sourcecode.c.h; fileEncoding = 30; name = stitcher.hpp; path = ../../../../../../../../../Documents/of_v0.9.8_osx_release/addons/ofxOpenCv/libs/opencv/include/opencv2/stitching/stitcher.hpp; sourceTree = SOURCE_ROOT; };
		D58B0FC6B6124C00BE5A11C9 /* eigen.hpp */ = {isa = PBXFileReference; explicitFileType = sourcecode.c.h; fileEncoding = 30; name = eigen.hpp; path = ../../../../../../../../../Documents/of_v0.9.8_osx_release/addons/ofxOpenCv/libs/opencv/include/opencv2/core/eigen.hpp; sourceTree = SOURCE_ROOT; };
		D6287B87682922DBACBE9524 /* global_motion.hpp */ = {isa = PBXFileReference; explicitFileType = sourcecode.c.h; fileEncoding = 30; name = global_motion.hpp; path = ../../../../../../../../../Documents/of_v0.9.8_osx_release/addons/ofxOpenCv/libs/opencv/include/opencv2/videostab/global_motion.hpp; sourceTree = SOURCE_ROOT; };
		D62F2C7BC73F90559D6D4F3D /* warp.hpp */ = {isa = PBXFileReference; explicitFileType = sourcecode.c.h; fileEncoding = 30; name = warp.hpp; path = ../../../../../../../../../Documents/of_v0.9.8_osx_release/addons/ofxOpenCv/libs/opencv/include/opencv2/gpu/device/warp.hpp; sourceTree = SOURCE_ROOT; };
		D718D768D766A06D06D3F90A /* highgui_c.h */ = {isa = PBXFileReference; explicitFileType = sourcecode.c.h; fileEncoding = 30; name = highgui_c.h; path = ../../../../../../../../../Documents/of_v0.9.8_osx_release/addons/ofxOpenCv/libs/opencv/include/opencv2/highgui/highgui_c.h; sourceTree = SOURCE_ROOT; };
		D71C858DBD5545EE1951C094 /* flann.hpp */ = {isa = PBXFileReference; explicitFileType = sourcecode.c.h; fileEncoding = 30; name = flann.hpp; path = ../../../../../../../../../Documents/of_v0.9.8_osx_release/addons/ofxOpenCv/libs/opencv/include/opencv2/flann/flann.hpp; sourceTree = SOURCE_ROOT; };
		D8E51412D23EF0C667E8FF74 /* ios.h */ = {isa = PBXFileReference; explicitFileType = sourcecode.c.h; fileEncoding = 30; name = ios.h; path = ../../../../../../../../../Documents/of_v0.9.8_osx_release/addons/ofxOpenCv/libs/opencv/include/opencv2/highgui/ios.h; sourceTree = SOURCE_ROOT; };
		DB9762C43F55A5DFBC6C5C5C /* reduce.hpp */ = {isa = PBXFileReference; explicitFileType = sourcecode.c.h; fileEncoding = 30; name = reduce.hpp; path = ../../../../../../../../../Documents/of_v0.9.8_osx_release/addons/ofxOpenCv/libs/opencv/include/opencv2/gpu/device/detail/reduce.hpp; sourceTree = SOURCE_ROOT; };
		DCA9C721A79210AE55F731DA /* ofxOpenCv.h */ = {isa = PBXFileReference; explicitFileType = sourcecode.c.h; fileEncoding = 30; name = ofxOpenCv.h; path = ../../../../../../../../../Documents/of_v0.9.8_osx_release/addons/ofxOpenCv/src/ofxOpenCv.h; sourceTree = SOURCE_ROOT; };
		DD1704FDEE5D419E4E00872A /* compat.hpp */ = {isa = PBXFileReference; explicitFileType = sourcecode.c.h; fileEncoding = 30; name = compat.hpp; path = ../../../../../../../../../Documents/of_v0.9.8_osx_release/addons/ofxOpenCv/libs/opencv/include/opencv2/legacy/compat.hpp; sourceTree = SOURCE_ROOT; };
		E1123F6B15B96ED5CEC23BA7 /* cv.h */ = {isa = PBXFileReference; explicitFileType = sourcecode.c.h; fileEncoding = 30; name = cv.h; path = ../../../../../../../../../Documents/of_v0.9.8_osx_release/addons/ofxOpenCv/libs/opencv/include/opencv/cv.h; sourceTree = SOURCE_ROOT; };
		E267AA7679F60E34B1565630 /* camera.hpp */ = {isa = PBXFileReference; explicitFileType = sourcecode.c.h; fileEncoding = 30; name = camera.hpp; path = ../../../../../../../../../Documents/of_v0.9.8_osx_release/addons/ofxOpenCv/libs/opencv/include/opencv2/stitching/detail/camera.hpp; sourceTree = SOURCE_ROOT; };
		E32424097FCC9E03B3CFE147 /* matchers.hpp */ = {isa = PBXFileReference; explicitFileType = sourcecode.c.h; fileEncoding = 30; name = matchers.hpp; path = ../../../../../../../../../Documents/of_v0.9.8_osx_release/addons/ofxOpenCv/libs/opencv/include/opencv2/stitching/detail/matchers.hpp; sourceTree = SOURCE_ROOT; };
		E363DFA9045733F961DE0174 /* kmeans_index.h */ = {isa = PBXFileReference; explicitFileType = sourcecode.c.h; fileEncoding = 30; name = kmeans_index.h; path = ../../../../../../../../../Documents/of_v0.9.8_osx_release/addons/ofxOpenCv/libs/opencv/include/opencv2/flann/kmeans_index.h; sourceTree = SOURCE_ROOT; };
		E4328143138ABC890047C5CB /* openFrameworksLib.xcodeproj */ = {isa = PBXFileReference; lastKnownFileType = "wrapper.pb-project"; name = openFrameworksLib.xcodeproj; path = ../../../../../../../../../Documents/of_v0.9.8_osx_release/libs/openFrameworksCompiled/project/osx/openFrameworksLib.xcodeproj; sourceTree = SOURCE_ROOT; };
		E442F5981DB26C05F6ECD069 /* videostab.hpp */ = {isa = PBXFileReference; explicitFileType = sourcecode.c.h; fileEncoding = 30; name = videostab.hpp; path = ../../../../../../../../../Documents/of_v0.9.8_osx_release/addons/ofxOpenCv/libs/opencv/include/opencv2/videostab/videostab.hpp; sourceTree = SOURCE_ROOT; };
		E4B69B5B0A3A1756003C02F2 /* test_flockingDebug.app */ = {isa = PBXFileReference; explicitFileType = wrapper.application; includeInIndex = 0; path = test_flockingDebug.app; sourceTree = BUILT_PRODUCTS_DIR; };
		E4B69E1D0A3A1BDC003C02F2 /* main.cpp */ = {isa = PBXFileReference; fileEncoding = 30; lastKnownFileType = sourcecode.cpp.cpp; name = main.cpp; path = src/main.cpp; sourceTree = SOURCE_ROOT; };
		E4B69E1E0A3A1BDC003C02F2 /* ofApp.cpp */ = {isa = PBXFileReference; explicitFileType = sourcecode.cpp.cpp; fileEncoding = 30; name = ofApp.cpp; path = src/ofApp.cpp; sourceTree = SOURCE_ROOT; };
		E4B69E1F0A3A1BDC003C02F2 /* ofApp.h */ = {isa = PBXFileReference; fileEncoding = 30; lastKnownFileType = sourcecode.c.h; name = ofApp.h; path = src/ofApp.h; sourceTree = SOURCE_ROOT; };
		E4B6FCAD0C3E899E008CF71C /* openFrameworks-Info.plist */ = {isa = PBXFileReference; fileEncoding = 30; lastKnownFileType = text.plist.xml; path = "openFrameworks-Info.plist"; sourceTree = "<group>"; };
		E4EB691F138AFCF100A09F29 /* CoreOF.xcconfig */ = {isa = PBXFileReference; fileEncoding = 4; lastKnownFileType = text.xcconfig; name = CoreOF.xcconfig; path = ../../../../../../../../../Documents/of_v0.9.8_osx_release/libs/openFrameworksCompiled/project/osx/CoreOF.xcconfig; sourceTree = SOURCE_ROOT; };
		E4EB6923138AFD0F00A09F29 /* Project.xcconfig */ = {isa = PBXFileReference; fileEncoding = 4; lastKnownFileType = text.xcconfig; path = Project.xcconfig; sourceTree = "<group>"; };
		E662969161F612E66249EEA0 /* ground_truth.h */ = {isa = PBXFileReference; explicitFileType = sourcecode.c.h; fileEncoding = 30; name = ground_truth.h; path = ../../../../../../../../../Documents/of_v0.9.8_osx_release/addons/ofxOpenCv/libs/opencv/include/opencv2/flann/ground_truth.h; sourceTree = SOURCE_ROOT; };
		E771EC546A9A4585D46E1330 /* gpu_perf.hpp */ = {isa = PBXFileReference; explicitFileType = sourcecode.c.h; fileEncoding = 30; name = gpu_perf.hpp; path = ../../../../../../../../../Documents/of_v0.9.8_osx_release/addons/ofxOpenCv/libs/opencv/include/opencv2/ts/gpu_perf.hpp; sourceTree = SOURCE_ROOT; };
		E8A5047EE62EABE8E8733945 /* streams.hpp */ = {isa = PBXFileReference; explicitFileType = sourcecode.c.h; fileEncoding = 30; name = streams.hpp; path = ../../../../../../../../../Documents/of_v0.9.8_osx_release/addons/ofxOpenCv/libs/opencv/include/opencv2/legacy/streams.hpp; sourceTree = SOURCE_ROOT; };
		E8BDE388A2F26778AECC3134 /* tracking.hpp */ = {isa = PBXFileReference; explicitFileType = sourcecode.c.h; fileEncoding = 30; name = tracking.hpp; path = ../../../../../../../../../Documents/of_v0.9.8_osx_release/addons/ofxOpenCv/libs/opencv/include/opencv2/video/tracking.hpp; sourceTree = SOURCE_ROOT; };
		E920AF9BD01E35AB4459913A /* operations.hpp */ = {isa = PBXFileReference; explicitFileType = sourcecode.c.h; fileEncoding = 30; name = operations.hpp; path = ../../../../../../../../../Documents/of_v0.9.8_osx_release/addons/ofxOpenCv/libs/opencv/include/opencv2/core/operations.hpp; sourceTree = SOURCE_ROOT; };
		EAB19F62D0828A59F65F0B2B /* blobtrack.hpp */ = {isa = PBXFileReference; explicitFileType = sourcecode.c.h; fileEncoding = 30; name = blobtrack.hpp; path = ../../../../../../../../../Documents/of_v0.9.8_osx_release/addons/ofxOpenCv/libs/opencv/include/opencv2/legacy/blobtrack.hpp; sourceTree = SOURCE_ROOT; };
		F3A472E500BC789F6F682290 /* objdetect.hpp */ = {isa = PBXFileReference; explicitFileType = sourcecode.c.h; fileEncoding = 30; name = objdetect.hpp; path = ../../../../../../../../../Documents/of_v0.9.8_osx_release/addons/ofxOpenCv/libs/opencv/include/opencv2/objdetect/objdetect.hpp; sourceTree = SOURCE_ROOT; };
		F51414DDA53CBA517C283868 /* reduce_key_val.hpp */ = {isa = PBXFileReference; explicitFileType = sourcecode.c.h; fileEncoding = 30; name = reduce_key_val.hpp; path = ../../../../../../../../../Documents/of_v0.9.8_osx_release/addons/ofxOpenCv/libs/opencv/include/opencv2/gpu/device/detail/reduce_key_val.hpp; sourceTree = SOURCE_ROOT; };
		F560E6DC594200CA3E0AB806 /* index_testing.h */ = {isa = PBXFileReference; explicitFileType = sourcecode.c.h; fileEncoding = 30; name = index_testing.h; path = ../../../../../../../../../Documents/of_v0.9.8_osx_release/addons/ofxOpenCv/libs/opencv/include/opencv2/flann/index_testing.h; sourceTree = SOURCE_ROOT; };
		F6C94EEA8BB4B6A02F5B9703 /* saving.h */ = {isa = PBXFileReference; explicitFileType = sourcecode.c.h; fileEncoding = 30; name = saving.h; path = ../../../../../../../../../Documents/of_v0.9.8_osx_release/addons/ofxOpenCv/libs/opencv/include/opencv2/flann/saving.h; sourceTree = SOURCE_ROOT; };
		F83E5A88CAD6B509BD82DBBB /* ts_gtest.h */ = {isa = PBXFileReference; explicitFileType = sourcecode.c.h; fileEncoding = 30; name = ts_gtest.h; path = ../../../../../../../../../Documents/of_v0.9.8_osx_release/addons/ofxOpenCv/libs/opencv/include/opencv2/ts/ts_gtest.h; sourceTree = SOURCE_ROOT; };
		FA8BC998F27288077A208A5C /* stream_accessor.hpp */ = {isa = PBXFileReference; explicitFileType = sourcecode.c.h; fileEncoding = 30; name = stream_accessor.hpp; path = ../../../../../../../../../Documents/of_v0.9.8_osx_release/addons/ofxOpenCv/libs/opencv/include/opencv2/gpu/stream_accessor.hpp; sourceTree = SOURCE_ROOT; };
		FB91DB755C3310A8B8B9B4CA /* highgui.h */ = {isa = PBXFileReference; explicitFileType = sourcecode.c.h; fileEncoding = 30; name = highgui.h; path = ../../../../../../../../../Documents/of_v0.9.8_osx_release/addons/ofxOpenCv/libs/opencv/include/opencv/highgui.h; sourceTree = SOURCE_ROOT; };
		FBB0CC163D6DAC8E5634B39B /* devmem2d.hpp */ = {isa = PBXFileReference; explicitFileType = sourcecode.c.h; fileEncoding = 30; name = devmem2d.hpp; path = ../../../../../../../../../Documents/of_v0.9.8_osx_release/addons/ofxOpenCv/libs/opencv/include/opencv2/gpu/devmem2d.hpp; sourceTree = SOURCE_ROOT; };
		FCA0B0D0CD3189B02A95981F /* scan.hpp */ = {isa = PBXFileReference; explicitFileType = sourcecode.c.h; fileEncoding = 30; name = scan.hpp; path = ../../../../../../../../../Documents/of_v0.9.8_osx_release/addons/ofxOpenCv/libs/opencv/include/opencv2/gpu/device/scan.hpp; sourceTree = SOURCE_ROOT; };
		FCFAC4B7AC96104818256CEE /* cvaux.hpp */ = {isa = PBXFileReference; explicitFileType = sourcecode.c.h; fileEncoding = 30; name = cvaux.hpp; path = ../../../../../../../../../Documents/of_v0.9.8_osx_release/addons/ofxOpenCv/libs/opencv/include/opencv/cvaux.hpp; sourceTree = SOURCE_ROOT; };
		FD4B864448BAFEA572A5CECA /* gpumat.hpp */ = {isa = PBXFileReference; explicitFileType = sourcecode.c.h; fileEncoding = 30; name = gpumat.hpp; path = ../../../../../../../../../Documents/of_v0.9.8_osx_release/addons/ofxOpenCv/libs/opencv/include/opencv2/core/gpumat.hpp; sourceTree = SOURCE_ROOT; };
		FE47145B9B29264B1A5C45BC /* general.h */ = {isa = PBXFileReference; explicitFileType = sourcecode.c.h; fileEncoding = 30; name = general.h; path = ../../../../../../../../../Documents/of_v0.9.8_osx_release/addons/ofxOpenCv/libs/opencv/include/opencv2/flann/general.h; sourceTree = SOURCE_ROOT; };
		FF0B6E4BA5932DE9107F903D /* nn_index.h */ = {isa = PBXFileReference; explicitFileType = sourcecode.c.h; fileEncoding = 30; name = nn_index.h; path = ../../../../../../../../../Documents/of_v0.9.8_osx_release/addons/ofxOpenCv/libs/opencv/include/opencv2/flann/nn_index.h; sourceTree = SOURCE_ROOT; };
/* End PBXFileReference section */

/* Begin PBXFrameworksBuildPhase section */
		E4B69B590A3A1756003C02F2 /* Frameworks */ = {
			isa = PBXFrameworksBuildPhase;
			buildActionMask = 2147483647;
			files = (
				E4328149138ABC9F0047C5CB /* openFrameworksDebug.a in Frameworks */,
			);
			runOnlyForDeploymentPostprocessing = 0;
		};
/* End PBXFrameworksBuildPhase section */

/* Begin PBXGroup section */
		0478E60892BF4C0731AE0763 /* ts */ = {
			isa = PBXGroup;
			children = (
				0CF3B3912784BF6A3DE32CEC /* ts.hpp */,
				16A68B6A4507A7B73B3433C4 /* ts_perf.hpp */,
				5546C83592182288F152D9E3 /* gpu_test.hpp */,
				E771EC546A9A4585D46E1330 /* gpu_perf.hpp */,
				F83E5A88CAD6B509BD82DBBB /* ts_gtest.h */,
			);
			name = ts;
			sourceTree = "<group>";
		};
		0F07FE174552DEF007BF5AD5 /* opencv2 */ = {
			isa = PBXGroup;
			children = (
				7BC63C2C5B49F4CFBC87C288 /* nonfree */,
				ED977EFE7B82B0D53CB5C778 /* superres */,
				C58CC92A5283B95AA31D50FB /* video */,
				5236346776DB8ECC4B121CA3 /* gpu */,
				1E45F8C3CCFF6847BFF957AA /* flann */,
				A5A3A2F98919E2243C73199C /* core */,
				AF43D9569510BEB0E2DFB944 /* stitching */,
				1D65864965F771881737B562 /* opencv.hpp */,
				3E44059DCBC2444D65660B9C /* imgproc */,
				D0CAFE48EE488EEED9149670 /* objdetect */,
				961A625BD21068033782887C /* legacy */,
				170C3384C93B182490DDC9CC /* contrib */,
				0F288FD421D474F4AE2684D3 /* ml */,
				9C99831C330874C2B245AB48 /* highgui */,
				86FEC009E2721D0FB23338D7 /* features2d */,
				0478E60892BF4C0731AE0763 /* ts */,
				38D119387412EF71F9FAA033 /* videostab */,
				0ACC6476F6691F4F0D292755 /* opencv_modules.hpp */,
				3B8F70BFDA30BBA2A5A060FC /* photo */,
				428EB732FD42504F37BCA78A /* calib3d */,
			);
			name = opencv2;
			sourceTree = "<group>";
		};
		0F288FD421D474F4AE2684D3 /* ml */ = {
			isa = PBXGroup;
			children = (
				3DA19B04D6FC2FC1ED51A319 /* ml.hpp */,
			);
			name = ml;
			sourceTree = "<group>";
		};
		170C3384C93B182490DDC9CC /* contrib */ = {
			isa = PBXGroup;
			children = (
				9134F7E95A044EA077711184 /* hybridtracker.hpp */,
				3374FE0D579FEAD52A5CF8E4 /* retina.hpp */,
				C1121A48E87CEBACE52E694D /* openfabmap.hpp */,
				885121C8EDD1709CD983B000 /* detection_based_tracker.hpp */,
				4E7154ECD4A58368510CC94C /* contrib.hpp */,
			);
			name = contrib;
			sourceTree = "<group>";
		};
		1E45F8C3CCFF6847BFF957AA /* flann */ = {
			isa = PBXGroup;
			children = (
				5C09B69E87D5663619DD111E /* composite_index.h */,
				1E6DCC5B4AAE2C8CA31043B5 /* dist.h */,
				93187076457B7E730285D4EA /* hdf5.h */,
				78D637B3CC30CB0E56A9A213 /* kdtree_index.h */,
				C2AB12087C4F409D7C423D3E /* params.h */,
				A71927FC553136F42BFB5B0C /* simplex_downhill.h */,
				0AEE2EF662F06A4B68957F8C /* linear_index.h */,
				9D73214FA3E4F3F79971A89F /* lsh_index.h */,
				26D5A167673B89E0BC8D4B77 /* config.h */,
				E363DFA9045733F961DE0174 /* kmeans_index.h */,
				4B54A59D3A0556B66909E3A3 /* autotuned_index.h */,
				FE47145B9B29264B1A5C45BC /* general.h */,
				11002704C4E297973DC60DD0 /* matrix.h */,
				F560E6DC594200CA3E0AB806 /* index_testing.h */,
				97845670E83D3B48BF441DE6 /* defines.h */,
				F6C94EEA8BB4B6A02F5B9703 /* saving.h */,
				279C1FF95ED75A3B6998016C /* timer.h */,
				3700631F01C536C261F7DCD2 /* lsh_table.h */,
				AC0D2B529A1A99DC650EA287 /* dynamic_bitset.h */,
				E662969161F612E66249EEA0 /* ground_truth.h */,
				C3D0A521D287B473C5C46F9C /* allocator.h */,
				31A7693F0D2CB29A643595D0 /* kdtree_single_index.h */,
				D71C858DBD5545EE1951C094 /* flann.hpp */,
				701C54F5A3E43DBB79D0EC86 /* object_factory.h */,
				5A0503B230BCBF3D86A19B99 /* result_set.h */,
				6A64A74619943240DFD9EA72 /* all_indices.h */,
				2AF8999BB0D152DA04AF1715 /* heap.h */,
				101A46BABEB40A6F41012ECC /* flann_base.hpp */,
				63528DE834BE687287A9F73C /* sampling.h */,
				36B3165BC122DE291E0056F3 /* miniflann.hpp */,
				C2E2C2964E78ACC3F69F8BB4 /* logger.h */,
				5BC22896DED75A94816B9A73 /* hierarchical_clustering_index.h */,
				81F3DE9A289F27653D59CFD0 /* dummy.h */,
				8705664A086F770F91504941 /* any.h */,
				BE973DE16D3EFF97BF4B9B42 /* random.h */,
				FF0B6E4BA5932DE9107F903D /* nn_index.h */,
			);
			name = flann;
			sourceTree = "<group>";
		};
		303E2D4AF80E80BD1FD5E5F6 /* detail */ = {
			isa = PBXGroup;
			children = (
				5E41CDC97B7D2B4F3D697442 /* autocalib.hpp */,
				6D527CE035828D4B2D801688 /* warpers.hpp */,
				8CEBF99E26F3EEF2BA37C6BE /* exposure_compensate.hpp */,
				016F4BDAFA8780864DCDC3E7 /* util_inl.hpp */,
				C466F4FED0F4F3879BBDA17A /* seam_finders.hpp */,
				7C4EAA8E31EF669B2809378B /* blenders.hpp */,
				4F9AB979F1EFA3DB4B5D194D /* warpers_inl.hpp */,
				2420C663163FFCAD5C151B42 /* util.hpp */,
				E32424097FCC9E03B3CFE147 /* matchers.hpp */,
				6D3668031E6717C7B0E45A7F /* motion_estimators.hpp */,
				E267AA7679F60E34B1565630 /* camera.hpp */,
			);
			name = detail;
			sourceTree = "<group>";
		};
		38D119387412EF71F9FAA033 /* videostab */ = {
			isa = PBXGroup;
			children = (
				CB6339E48342B37DC55F17EA /* fast_marching.hpp */,
				219A800EA96AC460F71DA78E /* inpainting.hpp */,
				E442F5981DB26C05F6ECD069 /* videostab.hpp */,
				B6779E5B7778C374E16BF30F /* motion_stabilizing.hpp */,
				5A5D864EC540AF66965893C3 /* stabilizer.hpp */,
				4048153A79F9D4FFA4430918 /* frame_source.hpp */,
				9182AC8AE42CD01F13290359 /* fast_marching_inl.hpp */,
				1785D4C7B66A21AACD01643C /* deblurring.hpp */,
				424079A659999EFCFFB8E11E /* log.hpp */,
				D6287B87682922DBACBE9524 /* global_motion.hpp */,
				714BF4834B49C308A987D6E4 /* optical_flow.hpp */,
			);
			name = videostab;
			sourceTree = "<group>";
		};
		3B8F70BFDA30BBA2A5A060FC /* photo */ = {
			isa = PBXGroup;
			children = (
				84768CB13B385F51BDD482C1 /* photo_c.h */,
				362CA699520941813843F3BA /* photo.hpp */,
			);
			name = photo;
			sourceTree = "<group>";
		};
		3E44059DCBC2444D65660B9C /* imgproc */ = {
			isa = PBXGroup;
			children = (
				64A65CE828D5B712818F9F97 /* imgproc.hpp */,
				C206FD1F42B58C0D07C6F197 /* imgproc_c.h */,
				A5E860A908D0FB0CD72F63C8 /* types_c.h */,
			);
			name = imgproc;
			sourceTree = "<group>";
		};
		428EB732FD42504F37BCA78A /* calib3d */ = {
			isa = PBXGroup;
			children = (
				236881D53FB2CFF3A4257CE0 /* calib3d.hpp */,
			);
			name = calib3d;
			sourceTree = "<group>";
		};
		5236346776DB8ECC4B121CA3 /* gpu */ = {
			isa = PBXGroup;
			children = (
				3BDE2010242EFF6E37E2B324 /* gpu.hpp */,
				4CF50C7A15AEFA920567FBB7 /* gpumat.hpp */,
				FBB0CC163D6DAC8E5634B39B /* devmem2d.hpp */,
				FA8BC998F27288077A208A5C /* stream_accessor.hpp */,
				C830064088936DB0F1158554 /* device */,
			);
			name = gpu;
			sourceTree = "<group>";
		};
		6948EE371B920CB800B5AC1A /* local_addons */ = {
			isa = PBXGroup;
			children = (
			);
			name = local_addons;
			sourceTree = "<group>";
		};
		737B033AA777B67BA4F8F4D2 /* opencv */ = {
			isa = PBXGroup;
			children = (
				FB91DB755C3310A8B8B9B4CA /* highgui.h */,
				E1123F6B15B96ED5CEC23BA7 /* cv.h */,
				9B0BEA7A8666370AE001FEA2 /* cxmisc.h */,
				15DFB2806141839960047821 /* cxcore.h */,
				7C25FCFBB6A494324A172E92 /* cvaux.h */,
				8EFC06A6E67A7C88EEDFCCD1 /* cvwimage.h */,
				FCFAC4B7AC96104818256CEE /* cvaux.hpp */,
				85F58C50F27FF3EEF88255BC /* cxcore.hpp */,
				D08C120CDC76CD909B84D427 /* ml.h */,
				D074806A7DBB0D5F9212C5EB /* cv.hpp */,
				386152C3B62C8FEB7D63E109 /* cxeigen.hpp */,
			);
			name = opencv;
			sourceTree = "<group>";
		};
		7BC63C2C5B49F4CFBC87C288 /* nonfree */ = {
			isa = PBXGroup;
			children = (
				36E472151E52BAA9AAF475EA /* gpu.hpp */,
				9DA698FE36CE93FEEF565453 /* features2d.hpp */,
				8857190AA0189722E5AFD3AD /* ocl.hpp */,
				C3BD5428F042F0F0B362A98E /* nonfree.hpp */,
			);
			name = nonfree;
			sourceTree = "<group>";
		};
		86FEC009E2721D0FB23338D7 /* features2d */ = {
			isa = PBXGroup;
			children = (
				A1F8A64DF67E86030C2438E7 /* features2d.hpp */,
			);
			name = features2d;
			sourceTree = "<group>";
		};
		961A625BD21068033782887C /* legacy */ = {
			isa = PBXGroup;
			children = (
				EAB19F62D0828A59F65F0B2B /* blobtrack.hpp */,
				E8A5047EE62EABE8E8733945 /* streams.hpp */,
				DD1704FDEE5D419E4E00872A /* compat.hpp */,
				895E7B59DB1E2A5D07510B1D /* legacy.hpp */,
			);
			name = legacy;
			sourceTree = "<group>";
		};
		9C99831C330874C2B245AB48 /* highgui */ = {
			isa = PBXGroup;
			children = (
				D8E51412D23EF0C667E8FF74 /* ios.h */,
				C501D2722BCBC458233B216A /* highgui.hpp */,
				A44F6192757B5219D94D5794 /* cap_ios.h */,
				D718D768D766A06D06D3F90A /* highgui_c.h */,
			);
			name = highgui;
			sourceTree = "<group>";
		};
		A0B90D3B0ADB9C1716816714 /* ofxOpenCv */ = {
			isa = PBXGroup;
			children = (
				C756CAAFD542831674E15FE6 /* src */,
				DCC60D6724B56635AE867535 /* libs */,
			);
			name = ofxOpenCv;
			sourceTree = "<group>";
		};
		A5A3A2F98919E2243C73199C /* core */ = {
			isa = PBXGroup;
			children = (
				663FDAF9680148F4752979C6 /* cuda_devptrs.hpp */,
				82761903CABAADA3AE537C39 /* opengl_interop.hpp */,
				D58B0FC6B6124C00BE5A11C9 /* eigen.hpp */,
				7BA231B29BBD5AD108772143 /* internal.hpp */,
				FD4B864448BAFEA572A5CECA /* gpumat.hpp */,
				0688C5E2905BACAFEA66D185 /* affine.hpp */,
				63DEEE8E530865210E32C2EB /* mat.hpp */,
				79B18DE8381F62D3058691A7 /* devmem2d.hpp */,
				018CF474BE79B48C28D50D98 /* version.hpp */,
				E920AF9BD01E35AB4459913A /* operations.hpp */,
				C3205ED4AAA81C2A14D340D4 /* types_c.h */,
				9C2439C61DEB67FE0B67A5D1 /* core_c.h */,
				7BC656A583998B94EACC6ACA /* opengl_interop_deprecated.hpp */,
				402BB2CD02222F756053FA9F /* core.hpp */,
				CEB771556061A31A3B2A27A4 /* wimage.hpp */,
			);
			name = core;
			sourceTree = "<group>";
		};
		AAA97F42C2FE4A31ECFD0585 /* opencv */ = {
			isa = PBXGroup;
			children = (
				F9F05170CB9BDF47DA2B6E6A /* include */,
			);
			name = opencv;
			sourceTree = "<group>";
		};
		AF43D9569510BEB0E2DFB944 /* stitching */ = {
			isa = PBXGroup;
			children = (
				26995096E89AA1B3B6D4D906 /* warpers.hpp */,
				303E2D4AF80E80BD1FD5E5F6 /* detail */,
				D1E7FF4012B27BF69A7D1522 /* stitcher.hpp */,
			);
			name = stitching;
			sourceTree = "<group>";
		};
		BB4B014C10F69532006C3DED /* addons */ = {
			isa = PBXGroup;
			children = (
				A0B90D3B0ADB9C1716816714 /* ofxOpenCv */,
			);
			name = addons;
			sourceTree = "<group>";
		};
		C58CC92A5283B95AA31D50FB /* video */ = {
			isa = PBXGroup;
			children = (
				E8BDE388A2F26778AECC3134 /* tracking.hpp */,
				31F39D3E851A42B2EACC369F /* background_segm.hpp */,
				AFE009A1CEF408C6C73DFADE /* video.hpp */,
			);
			name = video;
			sourceTree = "<group>";
		};
		C756CAAFD542831674E15FE6 /* src */ = {
			isa = PBXGroup;
			children = (
				BD6A010FF2106E0214A8FECA /* ofxCvColorImage.cpp */,
				A88D658310E96CC78BBEC2FD /* ofxCvShortImage.cpp */,
				C6A578E9D07D1D3D99CBFA18 /* ofxCvShortImage.h */,
				B621D256E58915AC261E9DA2 /* ofxCvConstants.h */,
				4D617430296764A85561B572 /* ofxCvBlob.h */,
				A2D986F6C5F534D45416C477 /* ofxCvColorImage.h */,
				DCA9C721A79210AE55F731DA /* ofxOpenCv.h */,
				5399104268342F301ED886EC /* ofxCvContourFinder.h */,
				95CDEA363D68B7154EDD62C4 /* ofxCvContourFinder.cpp */,
				4AB80FA13CE040CEF629E691 /* ofxCvHaarFinder.cpp */,
				689E179692F0512CB56473A4 /* ofxCvImage.cpp */,
				36AE88FAA3DE4D621050A90E /* ofxCvFloatImage.h */,
				C74B11E526DA0AF370BBAAF6 /* ofxCvFloatImage.cpp */,
				51A2DDB3250F02DAC4B69927 /* ofxCvGrayscaleImage.cpp */,
				6EE2B17D9B72FC6724FA1315 /* ofxCvGrayscaleImage.h */,
				31E1A16A2CD88631C1BF5C8B /* ofxCvImage.h */,
				4EE21B08F481273C55EF0AC8 /* ofxCvHaarFinder.h */,
			);
			name = src;
			sourceTree = "<group>";
		};
		C830064088936DB0F1158554 /* device */ = {
			isa = PBXGroup;
			children = (
				D62F2C7BC73F90559D6D4F3D /* warp.hpp */,
				C9770BD36494B55CE9BBB2AA /* filters.hpp */,
				B60C43E90171D76D8FF2A87D /* dynamic_smem.hpp */,
				BCB4B9DF982B3D56C88D7333 /* reduce.hpp */,
				69C9FA975016F68A907416B8 /* utility.hpp */,
				B1C562BD6E649EB9F5115F5A /* warp_shuffle.hpp */,
				73CCFAB21ADD6B918ED8FCF5 /* border_interpolate.hpp */,
				CEB9F7E7C4F949DA25426C38 /* transform.hpp */,
				5124F76FA38164959FF78251 /* saturate_cast.hpp */,
				556FD6B9492CF0C103B3216B /* vec_math.hpp */,
				4C710A9694184977C1B25ED7 /* functional.hpp */,
				042052D6BADDB934AEA29270 /* limits.hpp */,
				137E2907C469655B80ED3E41 /* type_traits.hpp */,
				113EB1250A007B4638C79339 /* vec_distance.hpp */,
				BD3A37CC976A79B972717427 /* block.hpp */,
				DF5D380A1A4583A1636503A6 /* detail */,
				753633B01948B9437F0825B4 /* emulation.hpp */,
				8ADE0F8C7449B55CBD8EE727 /* color.hpp */,
				CB1DF51EB6E1EDBCD5A864DE /* datamov_utils.hpp */,
				6280922F3DD0600DB39F8EF8 /* funcattrib.hpp */,
				153C2B69626F845041D74FE6 /* static_check.hpp */,
				36D1604D94AFB62122317CD3 /* common.hpp */,
				494FDD918955DE8CB7C311C2 /* vec_traits.hpp */,
				4007E2D0E1B0BED31057F71F /* simd_functions.hpp */,
				A32BD3715DF8C9417400D918 /* warp_reduce.hpp */,
				FCA0B0D0CD3189B02A95981F /* scan.hpp */,
			);
			name = device;
			sourceTree = "<group>";
		};
		D0CAFE48EE488EEED9149670 /* objdetect */ = {
			isa = PBXGroup;
			children = (
				F3A472E500BC789F6F682290 /* objdetect.hpp */,
			);
			name = objdetect;
			sourceTree = "<group>";
		};
		DCC60D6724B56635AE867535 /* libs */ = {
			isa = PBXGroup;
			children = (
				AAA97F42C2FE4A31ECFD0585 /* opencv */,
			);
			name = libs;
			sourceTree = "<group>";
		};
		DF5D380A1A4583A1636503A6 /* detail */ = {
			isa = PBXGroup;
			children = (
				DB9762C43F55A5DFBC6C5C5C /* reduce.hpp */,
				F51414DDA53CBA517C283868 /* reduce_key_val.hpp */,
				50F0AEBA2A3EBEB5EE76A1DD /* color_detail.hpp */,
				BD80153719476530EAFDBED5 /* type_traits_detail.hpp */,
				65F13E1EC1C8CE3C10CDE70B /* vec_distance_detail.hpp */,
				99F419D79FA45CF9F98A1451 /* transform_detail.hpp */,
			);
			name = detail;
			sourceTree = "<group>";
		};
		E4328144138ABC890047C5CB /* Products */ = {
			isa = PBXGroup;
			children = (
				E4328148138ABC890047C5CB /* openFrameworksDebug.a */,
			);
			name = Products;
			sourceTree = "<group>";
		};
		E4B69B4A0A3A1720003C02F2 = {
			isa = PBXGroup;
			children = (
				E4B6FCAD0C3E899E008CF71C /* openFrameworks-Info.plist */,
				E4EB6923138AFD0F00A09F29 /* Project.xcconfig */,
				E4B69E1C0A3A1BDC003C02F2 /* src */,
				E4EEC9E9138DF44700A80321 /* openFrameworks */,
				BB4B014C10F69532006C3DED /* addons */,
				6948EE371B920CB800B5AC1A /* local_addons */,
				E4B69B5B0A3A1756003C02F2 /* test_flockingDebug.app */,
			);
			sourceTree = "<group>";
		};
		E4B69E1C0A3A1BDC003C02F2 /* src */ = {
			isa = PBXGroup;
			children = (
				E4B69E1D0A3A1BDC003C02F2 /* main.cpp */,
				E4B69E1E0A3A1BDC003C02F2 /* ofApp.cpp */,
				E4B69E1F0A3A1BDC003C02F2 /* ofApp.h */,
				BC384001201E841F007BE359 /* JLFish.cpp */,
				BC384002201E841F007BE359 /* JLFish.h */,
			);
			path = src;
			sourceTree = SOURCE_ROOT;
		};
		E4EEC9E9138DF44700A80321 /* openFrameworks */ = {
			isa = PBXGroup;
			children = (
				E4EB691F138AFCF100A09F29 /* CoreOF.xcconfig */,
				E4328143138ABC890047C5CB /* openFrameworksLib.xcodeproj */,
			);
			name = openFrameworks;
			sourceTree = "<group>";
		};
		ED977EFE7B82B0D53CB5C778 /* superres */ = {
			isa = PBXGroup;
			children = (
				418BF66F616FFC960ED562DB /* superres.hpp */,
				B5447D0E82A2833755405D12 /* optical_flow.hpp */,
			);
			name = superres;
			sourceTree = "<group>";
		};
		F9F05170CB9BDF47DA2B6E6A /* include */ = {
			isa = PBXGroup;
			children = (
				737B033AA777B67BA4F8F4D2 /* opencv */,
				0F07FE174552DEF007BF5AD5 /* opencv2 */,
			);
			name = include;
			sourceTree = "<group>";
		};
/* End PBXGroup section */

/* Begin PBXNativeTarget section */
		E4B69B5A0A3A1756003C02F2 /* test_flocking */ = {
			isa = PBXNativeTarget;
			buildConfigurationList = E4B69B5F0A3A1757003C02F2 /* Build configuration list for PBXNativeTarget "test_flocking" */;
			buildPhases = (
				E4B69B580A3A1756003C02F2 /* Sources */,
				E4B69B590A3A1756003C02F2 /* Frameworks */,
				E4B6FFFD0C3F9AB9008CF71C /* ShellScript */,
				E4C2427710CC5ABF004149E2 /* CopyFiles */,
			);
			buildRules = (
			);
			dependencies = (
				E4EEB9AC138B136A00A80321 /* PBXTargetDependency */,
			);
			name = test_flocking;
			productName = myOFApp;
			productReference = E4B69B5B0A3A1756003C02F2 /* test_flockingDebug.app */;
			productType = "com.apple.product-type.application";
		};
/* End PBXNativeTarget section */

/* Begin PBXProject section */
		E4B69B4C0A3A1720003C02F2 /* Project object */ = {
			isa = PBXProject;
			attributes = {
				LastUpgradeCheck = 0600;
			};
			buildConfigurationList = E4B69B4D0A3A1720003C02F2 /* Build configuration list for PBXProject "test_flocking" */;
			compatibilityVersion = "Xcode 3.2";
			developmentRegion = English;
			hasScannedForEncodings = 0;
			knownRegions = (
				English,
				Japanese,
				French,
				German,
			);
			mainGroup = E4B69B4A0A3A1720003C02F2;
			productRefGroup = E4B69B4A0A3A1720003C02F2;
			projectDirPath = "";
			projectReferences = (
				{
					ProductGroup = E4328144138ABC890047C5CB /* Products */;
					ProjectRef = E4328143138ABC890047C5CB /* openFrameworksLib.xcodeproj */;
				},
			);
			projectRoot = "";
			targets = (
				E4B69B5A0A3A1756003C02F2 /* test_flocking */,
			);
		};
/* End PBXProject section */

/* Begin PBXReferenceProxy section */
		E4328148138ABC890047C5CB /* openFrameworksDebug.a */ = {
			isa = PBXReferenceProxy;
			fileType = archive.ar;
			path = openFrameworksDebug.a;
			remoteRef = E4328147138ABC890047C5CB /* PBXContainerItemProxy */;
			sourceTree = BUILT_PRODUCTS_DIR;
		};
/* End PBXReferenceProxy section */

/* Begin PBXShellScriptBuildPhase section */
		E4B6FFFD0C3F9AB9008CF71C /* ShellScript */ = {
			isa = PBXShellScriptBuildPhase;
			buildActionMask = 2147483647;
			files = (
			);
			inputPaths = (
			);
			outputPaths = (
			);
			runOnlyForDeploymentPostprocessing = 0;
			shellPath = /bin/sh;
			shellScript = "mkdir -p \"$TARGET_BUILD_DIR/$PRODUCT_NAME.app/Contents/Resources/\"\n# Copy default icon file into App/Resources\nrsync -aved \"$ICON_FILE\" \"$TARGET_BUILD_DIR/$PRODUCT_NAME.app/Contents/Resources/\"\n# Copy libfmod and change install directory for fmod to run\nrsync -aved ../../../../../../../../../Documents/of_v0.9.8_osx_release/libs/fmodex/lib/osx/libfmodex.dylib \"$TARGET_BUILD_DIR/$PRODUCT_NAME.app/Contents/Frameworks/\";\ninstall_name_tool -change @executable_path/libfmodex.dylib @executable_path/../Frameworks/libfmodex.dylib \"$TARGET_BUILD_DIR/$PRODUCT_NAME.app/Contents/MacOS/$PRODUCT_NAME\";\n# Copy GLUT framework (must remove for AppStore submissions)\nrsync -aved ../../../../../../../../../Documents/of_v0.9.8_osx_release/libs/glut/lib/osx/GLUT.framework \"$TARGET_BUILD_DIR/$PRODUCT_NAME.app/Contents/Frameworks/\"\n";
		};
/* End PBXShellScriptBuildPhase section */

/* Begin PBXSourcesBuildPhase section */
		E4B69B580A3A1756003C02F2 /* Sources */ = {
			isa = PBXSourcesBuildPhase;
			buildActionMask = 2147483647;
			files = (
				E4B69E200A3A1BDC003C02F2 /* main.cpp in Sources */,
				BC384003201E841F007BE359 /* JLFish.cpp in Sources */,
				E4B69E210A3A1BDC003C02F2 /* ofApp.cpp in Sources */,
				FDF611E787B6C034F59D6A37 /* ofxCvColorImage.cpp in Sources */,
				FC5A248B7B5D4403118EC79E /* ofxCvShortImage.cpp in Sources */,
				B7F413E29191868164D3BD46 /* ofxCvContourFinder.cpp in Sources */,
				A36A40903E82A39F691675B0 /* ofxCvHaarFinder.cpp in Sources */,
				AF8575B03B4CA8D75F681BC1 /* ofxCvImage.cpp in Sources */,
				E88A7A8ABE4967F47C3A7845 /* ofxCvFloatImage.cpp in Sources */,
				E876A4593EB91DE0F4D1F413 /* ofxCvGrayscaleImage.cpp in Sources */,
			);
			runOnlyForDeploymentPostprocessing = 0;
		};
/* End PBXSourcesBuildPhase section */

/* Begin PBXTargetDependency section */
		E4EEB9AC138B136A00A80321 /* PBXTargetDependency */ = {
			isa = PBXTargetDependency;
			name = openFrameworks;
			targetProxy = E4EEB9AB138B136A00A80321 /* PBXContainerItemProxy */;
		};
/* End PBXTargetDependency section */

/* Begin XCBuildConfiguration section */
		E4B69B4E0A3A1720003C02F2 /* Debug */ = {
			isa = XCBuildConfiguration;
			baseConfigurationReference = E4EB6923138AFD0F00A09F29 /* Project.xcconfig */;
			buildSettings = {
				CONFIGURATION_BUILD_DIR = "$(SRCROOT)/bin/";
				COPY_PHASE_STRIP = NO;
				DEAD_CODE_STRIPPING = YES;
				GCC_AUTO_VECTORIZATION = YES;
				GCC_ENABLE_SSE3_EXTENSIONS = YES;
				GCC_ENABLE_SUPPLEMENTAL_SSE3_INSTRUCTIONS = YES;
				GCC_INLINES_ARE_PRIVATE_EXTERN = NO;
				GCC_OPTIMIZATION_LEVEL = 0;
				GCC_SYMBOLS_PRIVATE_EXTERN = NO;
				GCC_WARN_ABOUT_DEPRECATED_FUNCTIONS = YES;
				GCC_WARN_ABOUT_INVALID_OFFSETOF_MACRO = NO;
				GCC_WARN_ALLOW_INCOMPLETE_PROTOCOL = NO;
				GCC_WARN_UNINITIALIZED_AUTOS = NO;
				GCC_WARN_UNUSED_VALUE = NO;
				GCC_WARN_UNUSED_VARIABLE = NO;
				HEADER_SEARCH_PATHS = (
					"$(OF_CORE_HEADERS)",
					../../../../../../../../../Documents/of_v0.9.8_osx_release/addons/ofxOpenCv/libs,
					../../../../../../../../../Documents/of_v0.9.8_osx_release/addons/ofxOpenCv/libs/opencv,
					../../../../../../../../../Documents/of_v0.9.8_osx_release/addons/ofxOpenCv/libs/opencv/include,
					../../../../../../../../../Documents/of_v0.9.8_osx_release/addons/ofxOpenCv/libs/opencv/include/opencv,
					../../../../../../../../../Documents/of_v0.9.8_osx_release/addons/ofxOpenCv/libs/opencv/include/opencv2,
					../../../../../../../../../Documents/of_v0.9.8_osx_release/addons/ofxOpenCv/libs/opencv/include/opencv2/calib3d,
					../../../../../../../../../Documents/of_v0.9.8_osx_release/addons/ofxOpenCv/libs/opencv/include/opencv2/contrib,
					../../../../../../../../../Documents/of_v0.9.8_osx_release/addons/ofxOpenCv/libs/opencv/include/opencv2/core,
					../../../../../../../../../Documents/of_v0.9.8_osx_release/addons/ofxOpenCv/libs/opencv/include/opencv2/features2d,
					../../../../../../../../../Documents/of_v0.9.8_osx_release/addons/ofxOpenCv/libs/opencv/include/opencv2/flann,
					../../../../../../../../../Documents/of_v0.9.8_osx_release/addons/ofxOpenCv/libs/opencv/include/opencv2/gpu,
					../../../../../../../../../Documents/of_v0.9.8_osx_release/addons/ofxOpenCv/libs/opencv/include/opencv2/gpu/device,
					../../../../../../../../../Documents/of_v0.9.8_osx_release/addons/ofxOpenCv/libs/opencv/include/opencv2/gpu/device/detail,
					../../../../../../../../../Documents/of_v0.9.8_osx_release/addons/ofxOpenCv/libs/opencv/include/opencv2/highgui,
					../../../../../../../../../Documents/of_v0.9.8_osx_release/addons/ofxOpenCv/libs/opencv/include/opencv2/imgproc,
					../../../../../../../../../Documents/of_v0.9.8_osx_release/addons/ofxOpenCv/libs/opencv/include/opencv2/legacy,
					../../../../../../../../../Documents/of_v0.9.8_osx_release/addons/ofxOpenCv/libs/opencv/include/opencv2/ml,
					../../../../../../../../../Documents/of_v0.9.8_osx_release/addons/ofxOpenCv/libs/opencv/include/opencv2/nonfree,
					../../../../../../../../../Documents/of_v0.9.8_osx_release/addons/ofxOpenCv/libs/opencv/include/opencv2/objdetect,
					../../../../../../../../../Documents/of_v0.9.8_osx_release/addons/ofxOpenCv/libs/opencv/include/opencv2/photo,
					../../../../../../../../../Documents/of_v0.9.8_osx_release/addons/ofxOpenCv/libs/opencv/include/opencv2/stitching,
					../../../../../../../../../Documents/of_v0.9.8_osx_release/addons/ofxOpenCv/libs/opencv/include/opencv2/stitching/detail,
					../../../../../../../../../Documents/of_v0.9.8_osx_release/addons/ofxOpenCv/libs/opencv/include/opencv2/superres,
					../../../../../../../../../Documents/of_v0.9.8_osx_release/addons/ofxOpenCv/libs/opencv/include/opencv2/ts,
					../../../../../../../../../Documents/of_v0.9.8_osx_release/addons/ofxOpenCv/libs/opencv/include/opencv2/video,
					../../../../../../../../../Documents/of_v0.9.8_osx_release/addons/ofxOpenCv/libs/opencv/include/opencv2/videostab,
					../../../../../../../../../Documents/of_v0.9.8_osx_release/addons/ofxOpenCv/libs/opencv/lib,
					../../../../../../../../../Documents/of_v0.9.8_osx_release/addons/ofxOpenCv/libs/opencv/lib/emscripten,
					../../../../../../../../../Documents/of_v0.9.8_osx_release/addons/ofxOpenCv/libs/opencv/lib/osx,
					../../../../../../../../../Documents/of_v0.9.8_osx_release/addons/ofxOpenCv/libs/opencv/license,
					../../../../../../../../../Documents/of_v0.9.8_osx_release/addons/ofxOpenCv/src,
				);
				MACOSX_DEPLOYMENT_TARGET = 10.8;
				ONLY_ACTIVE_ARCH = YES;
				OTHER_CPLUSPLUSFLAGS = (
					"-D__MACOSX_CORE__",
					"-mtune=native",
				);
				OTHER_LDFLAGS = (
					"$(OF_CORE_FRAMEWORKS)",
					"$(OF_CORE_LIBS)",
					../../../../../../../../../Documents/of_v0.9.8_osx_release/addons/ofxOpenCv/libs/opencv/lib/osx/opencv.a,
				);
				SDKROOT = macosx;
			};
			name = Debug;
		};
		E4B69B4F0A3A1720003C02F2 /* Release */ = {
			isa = XCBuildConfiguration;
			baseConfigurationReference = E4EB6923138AFD0F00A09F29 /* Project.xcconfig */;
			buildSettings = {
				CONFIGURATION_BUILD_DIR = "$(SRCROOT)/bin/";
				COPY_PHASE_STRIP = YES;
				DEAD_CODE_STRIPPING = YES;
				GCC_AUTO_VECTORIZATION = YES;
				GCC_ENABLE_SSE3_EXTENSIONS = YES;
				GCC_ENABLE_SUPPLEMENTAL_SSE3_INSTRUCTIONS = YES;
				GCC_INLINES_ARE_PRIVATE_EXTERN = NO;
				GCC_OPTIMIZATION_LEVEL = 3;
				GCC_SYMBOLS_PRIVATE_EXTERN = NO;
				GCC_UNROLL_LOOPS = YES;
				GCC_WARN_ABOUT_DEPRECATED_FUNCTIONS = YES;
				GCC_WARN_ABOUT_INVALID_OFFSETOF_MACRO = NO;
				GCC_WARN_ALLOW_INCOMPLETE_PROTOCOL = NO;
				GCC_WARN_UNINITIALIZED_AUTOS = NO;
				GCC_WARN_UNUSED_VALUE = NO;
				GCC_WARN_UNUSED_VARIABLE = NO;
				HEADER_SEARCH_PATHS = (
					"$(OF_CORE_HEADERS)",
					../../../../../../../../../Documents/of_v0.9.8_osx_release/addons/ofxOpenCv/libs,
					../../../../../../../../../Documents/of_v0.9.8_osx_release/addons/ofxOpenCv/libs/opencv,
					../../../../../../../../../Documents/of_v0.9.8_osx_release/addons/ofxOpenCv/libs/opencv/include,
					../../../../../../../../../Documents/of_v0.9.8_osx_release/addons/ofxOpenCv/libs/opencv/include/opencv,
					../../../../../../../../../Documents/of_v0.9.8_osx_release/addons/ofxOpenCv/libs/opencv/include/opencv2,
					../../../../../../../../../Documents/of_v0.9.8_osx_release/addons/ofxOpenCv/libs/opencv/include/opencv2/calib3d,
					../../../../../../../../../Documents/of_v0.9.8_osx_release/addons/ofxOpenCv/libs/opencv/include/opencv2/contrib,
					../../../../../../../../../Documents/of_v0.9.8_osx_release/addons/ofxOpenCv/libs/opencv/include/opencv2/core,
					../../../../../../../../../Documents/of_v0.9.8_osx_release/addons/ofxOpenCv/libs/opencv/include/opencv2/features2d,
					../../../../../../../../../Documents/of_v0.9.8_osx_release/addons/ofxOpenCv/libs/opencv/include/opencv2/flann,
					../../../../../../../../../Documents/of_v0.9.8_osx_release/addons/ofxOpenCv/libs/opencv/include/opencv2/gpu,
					../../../../../../../../../Documents/of_v0.9.8_osx_release/addons/ofxOpenCv/libs/opencv/include/opencv2/gpu/device,
					../../../../../../../../../Documents/of_v0.9.8_osx_release/addons/ofxOpenCv/libs/opencv/include/opencv2/gpu/device/detail,
					../../../../../../../../../Documents/of_v0.9.8_osx_release/addons/ofxOpenCv/libs/opencv/include/opencv2/highgui,
					../../../../../../../../../Documents/of_v0.9.8_osx_release/addons/ofxOpenCv/libs/opencv/include/opencv2/imgproc,
					../../../../../../../../../Documents/of_v0.9.8_osx_release/addons/ofxOpenCv/libs/opencv/include/opencv2/legacy,
					../../../../../../../../../Documents/of_v0.9.8_osx_release/addons/ofxOpenCv/libs/opencv/include/opencv2/ml,
					../../../../../../../../../Documents/of_v0.9.8_osx_release/addons/ofxOpenCv/libs/opencv/include/opencv2/nonfree,
					../../../../../../../../../Documents/of_v0.9.8_osx_release/addons/ofxOpenCv/libs/opencv/include/opencv2/objdetect,
					../../../../../../../../../Documents/of_v0.9.8_osx_release/addons/ofxOpenCv/libs/opencv/include/opencv2/photo,
					../../../../../../../../../Documents/of_v0.9.8_osx_release/addons/ofxOpenCv/libs/opencv/include/opencv2/stitching,
					../../../../../../../../../Documents/of_v0.9.8_osx_release/addons/ofxOpenCv/libs/opencv/include/opencv2/stitching/detail,
					../../../../../../../../../Documents/of_v0.9.8_osx_release/addons/ofxOpenCv/libs/opencv/include/opencv2/superres,
					../../../../../../../../../Documents/of_v0.9.8_osx_release/addons/ofxOpenCv/libs/opencv/include/opencv2/ts,
					../../../../../../../../../Documents/of_v0.9.8_osx_release/addons/ofxOpenCv/libs/opencv/include/opencv2/video,
					../../../../../../../../../Documents/of_v0.9.8_osx_release/addons/ofxOpenCv/libs/opencv/include/opencv2/videostab,
					../../../../../../../../../Documents/of_v0.9.8_osx_release/addons/ofxOpenCv/libs/opencv/lib,
					../../../../../../../../../Documents/of_v0.9.8_osx_release/addons/ofxOpenCv/libs/opencv/lib/emscripten,
					../../../../../../../../../Documents/of_v0.9.8_osx_release/addons/ofxOpenCv/libs/opencv/lib/osx,
					../../../../../../../../../Documents/of_v0.9.8_osx_release/addons/ofxOpenCv/libs/opencv/license,
					../../../../../../../../../Documents/of_v0.9.8_osx_release/addons/ofxOpenCv/src,
				);
				MACOSX_DEPLOYMENT_TARGET = 10.8;
				OTHER_CPLUSPLUSFLAGS = (
					"-D__MACOSX_CORE__",
					"-mtune=native",
				);
				OTHER_LDFLAGS = (
					"$(OF_CORE_FRAMEWORKS)",
					"$(OF_CORE_LIBS)",
					../../../../../../../../../Documents/of_v0.9.8_osx_release/addons/ofxOpenCv/libs/opencv/lib/osx/opencv.a,
				);
				SDKROOT = macosx;
			};
			name = Release;
		};
		E4B69B600A3A1757003C02F2 /* Debug */ = {
			isa = XCBuildConfiguration;
			baseConfigurationReference = E4EB6923138AFD0F00A09F29 /* Project.xcconfig */;
			buildSettings = {
				COMBINE_HIDPI_IMAGES = YES;
				COPY_PHASE_STRIP = NO;
				FRAMEWORK_SEARCH_PATHS = (
					"$(inherited)",
					"$(FRAMEWORK_SEARCH_PATHS_QUOTED_FOR_TARGET_1)",
				);
				FRAMEWORK_SEARCH_PATHS_QUOTED_FOR_TARGET_1 = "\"$(SRCROOT)/../../../../../../../../../Documents/of_v0.9.8_osx_release/libs/glut/lib/osx\"";
				GCC_DYNAMIC_NO_PIC = NO;
				GCC_GENERATE_DEBUGGING_SYMBOLS = YES;
				GCC_MODEL_TUNING = NONE;
				HEADER_SEARCH_PATHS = (
					"$(OF_CORE_HEADERS)",
					../../../../../../../../../Documents/of_v0.9.8_osx_release/addons/ofxOpenCv/libs,
					../../../../../../../../../Documents/of_v0.9.8_osx_release/addons/ofxOpenCv/libs/opencv,
					../../../../../../../../../Documents/of_v0.9.8_osx_release/addons/ofxOpenCv/libs/opencv/include,
					../../../../../../../../../Documents/of_v0.9.8_osx_release/addons/ofxOpenCv/libs/opencv/include/opencv,
					../../../../../../../../../Documents/of_v0.9.8_osx_release/addons/ofxOpenCv/libs/opencv/include/opencv2,
					../../../../../../../../../Documents/of_v0.9.8_osx_release/addons/ofxOpenCv/libs/opencv/include/opencv2/calib3d,
					../../../../../../../../../Documents/of_v0.9.8_osx_release/addons/ofxOpenCv/libs/opencv/include/opencv2/contrib,
					../../../../../../../../../Documents/of_v0.9.8_osx_release/addons/ofxOpenCv/libs/opencv/include/opencv2/core,
					../../../../../../../../../Documents/of_v0.9.8_osx_release/addons/ofxOpenCv/libs/opencv/include/opencv2/features2d,
					../../../../../../../../../Documents/of_v0.9.8_osx_release/addons/ofxOpenCv/libs/opencv/include/opencv2/flann,
					../../../../../../../../../Documents/of_v0.9.8_osx_release/addons/ofxOpenCv/libs/opencv/include/opencv2/gpu,
					../../../../../../../../../Documents/of_v0.9.8_osx_release/addons/ofxOpenCv/libs/opencv/include/opencv2/gpu/device,
					../../../../../../../../../Documents/of_v0.9.8_osx_release/addons/ofxOpenCv/libs/opencv/include/opencv2/gpu/device/detail,
					../../../../../../../../../Documents/of_v0.9.8_osx_release/addons/ofxOpenCv/libs/opencv/include/opencv2/highgui,
					../../../../../../../../../Documents/of_v0.9.8_osx_release/addons/ofxOpenCv/libs/opencv/include/opencv2/imgproc,
					../../../../../../../../../Documents/of_v0.9.8_osx_release/addons/ofxOpenCv/libs/opencv/include/opencv2/legacy,
					../../../../../../../../../Documents/of_v0.9.8_osx_release/addons/ofxOpenCv/libs/opencv/include/opencv2/ml,
					../../../../../../../../../Documents/of_v0.9.8_osx_release/addons/ofxOpenCv/libs/opencv/include/opencv2/nonfree,
					../../../../../../../../../Documents/of_v0.9.8_osx_release/addons/ofxOpenCv/libs/opencv/include/opencv2/objdetect,
					../../../../../../../../../Documents/of_v0.9.8_osx_release/addons/ofxOpenCv/libs/opencv/include/opencv2/photo,
					../../../../../../../../../Documents/of_v0.9.8_osx_release/addons/ofxOpenCv/libs/opencv/include/opencv2/stitching,
					../../../../../../../../../Documents/of_v0.9.8_osx_release/addons/ofxOpenCv/libs/opencv/include/opencv2/stitching/detail,
					../../../../../../../../../Documents/of_v0.9.8_osx_release/addons/ofxOpenCv/libs/opencv/include/opencv2/superres,
					../../../../../../../../../Documents/of_v0.9.8_osx_release/addons/ofxOpenCv/libs/opencv/include/opencv2/ts,
					../../../../../../../../../Documents/of_v0.9.8_osx_release/addons/ofxOpenCv/libs/opencv/include/opencv2/video,
					../../../../../../../../../Documents/of_v0.9.8_osx_release/addons/ofxOpenCv/libs/opencv/include/opencv2/videostab,
					../../../../../../../../../Documents/of_v0.9.8_osx_release/addons/ofxOpenCv/libs/opencv/lib,
					../../../../../../../../../Documents/of_v0.9.8_osx_release/addons/ofxOpenCv/libs/opencv/lib/emscripten,
					../../../../../../../../../Documents/of_v0.9.8_osx_release/addons/ofxOpenCv/libs/opencv/lib/osx,
					../../../../../../../../../Documents/of_v0.9.8_osx_release/addons/ofxOpenCv/libs/opencv/license,
					../../../../../../../../../Documents/of_v0.9.8_osx_release/addons/ofxOpenCv/src,
				);
				ICON = "$(ICON_NAME_DEBUG)";
				ICON_FILE = "$(ICON_FILE_PATH)$(ICON)";
				INFOPLIST_FILE = "openFrameworks-Info.plist";
				INSTALL_PATH = /Applications;
				LIBRARY_SEARCH_PATHS = "$(inherited)";
				OTHER_LDFLAGS = (
					"$(OF_CORE_FRAMEWORKS)",
					"$(OF_CORE_LIBS)",
					../../../../../../../../../Documents/of_v0.9.8_osx_release/addons/ofxOpenCv/libs/opencv/lib/osx/opencv.a,
				);
				PRODUCT_NAME = "$(TARGET_NAME)Debug";
				WRAPPER_EXTENSION = app;
			};
			name = Debug;
		};
		E4B69B610A3A1757003C02F2 /* Release */ = {
			isa = XCBuildConfiguration;
			baseConfigurationReference = E4EB6923138AFD0F00A09F29 /* Project.xcconfig */;
			buildSettings = {
				COMBINE_HIDPI_IMAGES = YES;
				COPY_PHASE_STRIP = YES;
				FRAMEWORK_SEARCH_PATHS = (
					"$(inherited)",
					"$(FRAMEWORK_SEARCH_PATHS_QUOTED_FOR_TARGET_1)",
				);
				FRAMEWORK_SEARCH_PATHS_QUOTED_FOR_TARGET_1 = "\"$(SRCROOT)/../../../../../../../../../Documents/of_v0.9.8_osx_release/libs/glut/lib/osx\"";
				GCC_GENERATE_DEBUGGING_SYMBOLS = YES;
				GCC_MODEL_TUNING = NONE;
				HEADER_SEARCH_PATHS = (
					"$(OF_CORE_HEADERS)",
					../../../../../../../../../Documents/of_v0.9.8_osx_release/addons/ofxOpenCv/libs,
					../../../../../../../../../Documents/of_v0.9.8_osx_release/addons/ofxOpenCv/libs/opencv,
					../../../../../../../../../Documents/of_v0.9.8_osx_release/addons/ofxOpenCv/libs/opencv/include,
					../../../../../../../../../Documents/of_v0.9.8_osx_release/addons/ofxOpenCv/libs/opencv/include/opencv,
					../../../../../../../../../Documents/of_v0.9.8_osx_release/addons/ofxOpenCv/libs/opencv/include/opencv2,
					../../../../../../../../../Documents/of_v0.9.8_osx_release/addons/ofxOpenCv/libs/opencv/include/opencv2/calib3d,
					../../../../../../../../../Documents/of_v0.9.8_osx_release/addons/ofxOpenCv/libs/opencv/include/opencv2/contrib,
					../../../../../../../../../Documents/of_v0.9.8_osx_release/addons/ofxOpenCv/libs/opencv/include/opencv2/core,
					../../../../../../../../../Documents/of_v0.9.8_osx_release/addons/ofxOpenCv/libs/opencv/include/opencv2/features2d,
					../../../../../../../../../Documents/of_v0.9.8_osx_release/addons/ofxOpenCv/libs/opencv/include/opencv2/flann,
					../../../../../../../../../Documents/of_v0.9.8_osx_release/addons/ofxOpenCv/libs/opencv/include/opencv2/gpu,
					../../../../../../../../../Documents/of_v0.9.8_osx_release/addons/ofxOpenCv/libs/opencv/include/opencv2/gpu/device,
					../../../../../../../../../Documents/of_v0.9.8_osx_release/addons/ofxOpenCv/libs/opencv/include/opencv2/gpu/device/detail,
					../../../../../../../../../Documents/of_v0.9.8_osx_release/addons/ofxOpenCv/libs/opencv/include/opencv2/highgui,
					../../../../../../../../../Documents/of_v0.9.8_osx_release/addons/ofxOpenCv/libs/opencv/include/opencv2/imgproc,
					../../../../../../../../../Documents/of_v0.9.8_osx_release/addons/ofxOpenCv/libs/opencv/include/opencv2/legacy,
					../../../../../../../../../Documents/of_v0.9.8_osx_release/addons/ofxOpenCv/libs/opencv/include/opencv2/ml,
					../../../../../../../../../Documents/of_v0.9.8_osx_release/addons/ofxOpenCv/libs/opencv/include/opencv2/nonfree,
					../../../../../../../../../Documents/of_v0.9.8_osx_release/addons/ofxOpenCv/libs/opencv/include/opencv2/objdetect,
					../../../../../../../../../Documents/of_v0.9.8_osx_release/addons/ofxOpenCv/libs/opencv/include/opencv2/photo,
					../../../../../../../../../Documents/of_v0.9.8_osx_release/addons/ofxOpenCv/libs/opencv/include/opencv2/stitching,
					../../../../../../../../../Documents/of_v0.9.8_osx_release/addons/ofxOpenCv/libs/opencv/include/opencv2/stitching/detail,
					../../../../../../../../../Documents/of_v0.9.8_osx_release/addons/ofxOpenCv/libs/opencv/include/opencv2/superres,
					../../../../../../../../../Documents/of_v0.9.8_osx_release/addons/ofxOpenCv/libs/opencv/include/opencv2/ts,
					../../../../../../../../../Documents/of_v0.9.8_osx_release/addons/ofxOpenCv/libs/opencv/include/opencv2/video,
					../../../../../../../../../Documents/of_v0.9.8_osx_release/addons/ofxOpenCv/libs/opencv/include/opencv2/videostab,
					../../../../../../../../../Documents/of_v0.9.8_osx_release/addons/ofxOpenCv/libs/opencv/lib,
					../../../../../../../../../Documents/of_v0.9.8_osx_release/addons/ofxOpenCv/libs/opencv/lib/emscripten,
					../../../../../../../../../Documents/of_v0.9.8_osx_release/addons/ofxOpenCv/libs/opencv/lib/osx,
					../../../../../../../../../Documents/of_v0.9.8_osx_release/addons/ofxOpenCv/libs/opencv/license,
					../../../../../../../../../Documents/of_v0.9.8_osx_release/addons/ofxOpenCv/src,
				);
				ICON = "$(ICON_NAME_RELEASE)";
				ICON_FILE = "$(ICON_FILE_PATH)$(ICON)";
				INFOPLIST_FILE = "openFrameworks-Info.plist";
				INSTALL_PATH = /Applications;
				LIBRARY_SEARCH_PATHS = "$(inherited)";
				OTHER_LDFLAGS = (
					"$(OF_CORE_FRAMEWORKS)",
					"$(OF_CORE_LIBS)",
					../../../../../../../../../Documents/of_v0.9.8_osx_release/addons/ofxOpenCv/libs/opencv/lib/osx/opencv.a,
				);
				PRODUCT_NAME = "$(TARGET_NAME)";
				WRAPPER_EXTENSION = app;
				baseConfigurationReference = E4EB6923138AFD0F00A09F29;
			};
			name = Release;
		};
/* End XCBuildConfiguration section */

/* Begin XCConfigurationList section */
		E4B69B4D0A3A1720003C02F2 /* Build configuration list for PBXProject "test_flocking" */ = {
			isa = XCConfigurationList;
			buildConfigurations = (
				E4B69B4E0A3A1720003C02F2 /* Debug */,
				E4B69B4F0A3A1720003C02F2 /* Release */,
			);
			defaultConfigurationIsVisible = 0;
			defaultConfigurationName = Release;
		};
		E4B69B5F0A3A1757003C02F2 /* Build configuration list for PBXNativeTarget "test_flocking" */ = {
			isa = XCConfigurationList;
			buildConfigurations = (
				E4B69B600A3A1757003C02F2 /* Debug */,
				E4B69B610A3A1757003C02F2 /* Release */,
			);
			defaultConfigurationIsVisible = 0;
			defaultConfigurationName = Release;
		};
/* End XCConfigurationList section */
	};
	rootObject = E4B69B4C0A3A1720003C02F2 /* Project object */;
}
